// !$*UTF8*$!
{
	archiveVersion = 1;
	classes = {
	};
	objectVersion = 50;
	objects = {

/* Begin PBXBuildFile section */
		4C1B89F1224920FE00418BE5 /* Assets.xcassets in Resources */ = {isa = PBXBuildFile; fileRef = 4C1B89F0224920FE00418BE5 /* Assets.xcassets */; };
		4C2E7AB722453AD10059E112 /* MainMenu.xib in Resources */ = {isa = PBXBuildFile; fileRef = 4C2E7AB522453AD10059E112 /* MainMenu.xib */; };
		4C2E7ABA22453AD10059E112 /* main.m in Sources */ = {isa = PBXBuildFile; fileRef = 4C2E7AB922453AD10059E112 /* main.m */; };
		4C2E7AC522453B0C0059E112 /* ARenderView.mm in Sources */ = {isa = PBXBuildFile; fileRef = 4C2E7AC222453B0C0059E112 /* ARenderView.mm */; };
		4C2E7AC622453B0C0059E112 /* AAppDelegate.mm in Sources */ = {isa = PBXBuildFile; fileRef = 4C2E7AC322453B0C0059E112 /* AAppDelegate.mm */; };
		4C45AB65224A88EE004141E7 /* aimagedata.cpp in Sources */ = {isa = PBXBuildFile; fileRef = 4C45AB40224A88EC004141E7 /* aimagedata.cpp */; };
		4C45AB66224A88EE004141E7 /* asprite.cpp in Sources */ = {isa = PBXBuildFile; fileRef = 4C45AB41224A88EC004141E7 /* asprite.cpp */; };
		4C45AB67224A88EE004141E7 /* acolormap.cpp in Sources */ = {isa = PBXBuildFile; fileRef = 4C45AB46224A88ED004141E7 /* acolormap.cpp */; };
		4C45AB68224A88EE004141E7 /* apalete.cpp in Sources */ = {isa = PBXBuildFile; fileRef = 4C45AB4B224A88ED004141E7 /* apalete.cpp */; };
		4C45AB69224A88EE004141E7 /* apicture.cpp in Sources */ = {isa = PBXBuildFile; fileRef = 4C45AB4C224A88ED004141E7 /* apicture.cpp */; };
		4C45AB6A224A88EE004141E7 /* alevelintegrity.cpp in Sources */ = {isa = PBXBuildFile; fileRef = 4C45AB4E224A88ED004141E7 /* alevelintegrity.cpp */; };
		4C45AB6B224A88EE004141E7 /* alump.cpp in Sources */ = {isa = PBXBuildFile; fileRef = 4C45AB4F224A88ED004141E7 /* alump.cpp */; };
		4C45AB6C224A88EE004141E7 /* autilities.cpp in Sources */ = {isa = PBXBuildFile; fileRef = 4C45AB51224A88ED004141E7 /* autilities.cpp */; };
		4C45AB6D224A88EE004141E7 /* aflat.cpp in Sources */ = {isa = PBXBuildFile; fileRef = 4C45AB52224A88ED004141E7 /* aflat.cpp */; };
		4C45AB6E224A88EE004141E7 /* awad.cpp in Sources */ = {isa = PBXBuildFile; fileRef = 4C45AB54224A88ED004141E7 /* awad.cpp */; };
		4C45AB6F224A88EE004141E7 /* ademo.cpp in Sources */ = {isa = PBXBuildFile; fileRef = 4C45AB58224A88ED004141E7 /* ademo.cpp */; };
		4C45AB70224A88EE004141E7 /* athing.cpp in Sources */ = {isa = PBXBuildFile; fileRef = 4C45AB59224A88ED004141E7 /* athing.cpp */; };
		4C45AB71224A88EE004141E7 /* atexture.cpp in Sources */ = {isa = PBXBuildFile; fileRef = 4C45AB5A224A88ED004141E7 /* atexture.cpp */; };
		4C45AB72224A88EE004141E7 /* atgaexporter.cpp in Sources */ = {isa = PBXBuildFile; fileRef = 4C45AB5D224A88ED004141E7 /* atgaexporter.cpp */; };
		4C45AB74224A88EE004141E7 /* ageometryreadservice.cpp in Sources */ = {isa = PBXBuildFile; fileRef = 4C45AB61224A88EE004141E7 /* ageometryreadservice.cpp */; };
		4C45AB75224A88EE004141E7 /* alevel.cpp in Sources */ = {isa = PBXBuildFile; fileRef = 4C45AB62224A88EE004141E7 /* alevel.cpp */; };
		4C45AB76224A88EE004141E7 /* aendoom.cpp in Sources */ = {isa = PBXBuildFile; fileRef = 4C45AB63224A88EE004141E7 /* aendoom.cpp */; };
		4C4F800D224F91D8000F842A /* readme in Resources */ = {isa = PBXBuildFile; fileRef = 4C4F800C224F91D8000F842A /* readme */; };
		4C4F8010224F946E000F842A /* aanimationbuilder.cpp in Sources */ = {isa = PBXBuildFile; fileRef = 4C4F800E224F946E000F842A /* aanimationbuilder.cpp */; };
		4C4F80132250FFB3000F842A /* aanimation.cpp in Sources */ = {isa = PBXBuildFile; fileRef = 4C4F80112250FFB3000F842A /* aanimation.cpp */; };
		4C4F801722510992000F842A /* aquaternion.cpp in Sources */ = {isa = PBXBuildFile; fileRef = 4C4F801522510992000F842A /* aquaternion.cpp */; };
		4C5CDE102257E47B00D7444E /* asize2d.cpp in Sources */ = {isa = PBXBuildFile; fileRef = 4C5CDE0E2257E47B00D7444E /* asize2d.cpp */; };
		4C5CDE132257E5E900D7444E /* aopenglsprite.cpp in Sources */ = {isa = PBXBuildFile; fileRef = 4C5CDE112257E5E900D7444E /* aopenglsprite.cpp */; };
		4C938AAA224E1718008D803A /* celtic.tga in Resources */ = {isa = PBXBuildFile; fileRef = 4C938AA8224E1718008D803A /* celtic.tga */; };
		4C938AAB224E1718008D803A /* doom.wad in Resources */ = {isa = PBXBuildFile; fileRef = 4C938AA9224E1718008D803A /* doom.wad */; };
		4C938AB4224E1768008D803A /* aopengltexture.cpp in Sources */ = {isa = PBXBuildFile; fileRef = 4C938AAC224E1768008D803A /* aopengltexture.cpp */; };
		4C938AB5224E1768008D803A /* atga.cpp in Sources */ = {isa = PBXBuildFile; fileRef = 4C938AAD224E1768008D803A /* atga.cpp */; };
		4C938AB6224E1768008D803A /* aimage.cpp in Sources */ = {isa = PBXBuildFile; fileRef = 4C938AAE224E1768008D803A /* aimage.cpp */; };
		4C938AB7224E1768008D803A /* atexturemanager.cpp in Sources */ = {isa = PBXBuildFile; fileRef = 4C938AB2224E1768008D803A /* atexturemanager.cpp */; };
		4C938ABE224E178D008D803A /* aopenglstate.cpp in Sources */ = {isa = PBXBuildFile; fileRef = 4C938ABA224E178D008D803A /* aopenglstate.cpp */; };
		4C938ABF224E178D008D803A /* aoglwrapper.cpp in Sources */ = {isa = PBXBuildFile; fileRef = 4C938ABB224E178D008D803A /* aoglwrapper.cpp */; };
		4C938AC0224E178D008D803A /* adrawbasics.cpp in Sources */ = {isa = PBXBuildFile; fileRef = 4C938ABC224E178D008D803A /* adrawbasics.cpp */; };
		4C938ACA224E17BC008D803A /* abundle.cpp in Sources */ = {isa = PBXBuildFile; fileRef = 4C938AC1224E17BC008D803A /* abundle.cpp */; };
		4C938ACB224E17BC008D803A /* agamestepscontroller.cpp in Sources */ = {isa = PBXBuildFile; fileRef = 4C938AC6224E17BC008D803A /* agamestepscontroller.cpp */; };
		4C938ACC224E17BC008D803A /* akeyboardcontroller.cpp in Sources */ = {isa = PBXBuildFile; fileRef = 4C938AC9224E17BC008D803A /* akeyboardcontroller.cpp */; };
		4C938AD9224E17D9008D803A /* avector.cpp in Sources */ = {isa = PBXBuildFile; fileRef = 4C938ACE224E17D8008D803A /* avector.cpp */; };
		4C938ADA224E17D9008D803A /* apoint2d.cpp in Sources */ = {isa = PBXBuildFile; fileRef = 4C938AD0224E17D8008D803A /* apoint2d.cpp */; };
		4C938ADB224E17D9008D803A /* acolor.cpp in Sources */ = {isa = PBXBuildFile; fileRef = 4C938AD1224E17D9008D803A /* acolor.cpp */; };
		4C938ADC224E17D9008D803A /* amatrix.cpp in Sources */ = {isa = PBXBuildFile; fileRef = 4C938AD2224E17D9008D803A /* amatrix.cpp */; };
		4C938ADD224E17D9008D803A /* adataliner.cpp in Sources */ = {isa = PBXBuildFile; fileRef = 4C938AD3224E17D9008D803A /* adataliner.cpp */; };
		4C938ADE224E17D9008D803A /* apoint.cpp in Sources */ = {isa = PBXBuildFile; fileRef = 4C938AD5224E17D9008D803A /* apoint.cpp */; };
		4C938AE9224E17F0008D803A /* anodeobject.cpp in Sources */ = {isa = PBXBuildFile; fileRef = 4C938AE0224E17F0008D803A /* anodeobject.cpp */; };
		4C938AEA224E17F0008D803A /* arenderservice.cpp in Sources */ = {isa = PBXBuildFile; fileRef = 4C938AE2224E17F0008D803A /* arenderservice.cpp */; };
		4C938AEB224E17F0008D803A /* amonster.cpp in Sources */ = {isa = PBXBuildFile; fileRef = 4C938AE3224E17F0008D803A /* amonster.cpp */; };
		4C938AEC224E17F0008D803A /* ascenenode.cpp in Sources */ = {isa = PBXBuildFile; fileRef = 4C938AE4224E17F0008D803A /* ascenenode.cpp */; };
		4C938AED224E17F0008D803A /* ascenegraph.cpp in Sources */ = {isa = PBXBuildFile; fileRef = 4C938AE7224E17F0008D803A /* ascenegraph.cpp */; };
		4C938AF5224E180A008D803A /* alogic.cpp in Sources */ = {isa = PBXBuildFile; fileRef = 4C938AF0224E180A008D803A /* alogic.cpp */; };
		4C938AF6224E180A008D803A /* agame.cpp in Sources */ = {isa = PBXBuildFile; fileRef = 4C938AF1224E180A008D803A /* agame.cpp */; };
		4C938AF7224E180A008D803A /* blockoutdebug.cpp in Sources */ = {isa = PBXBuildFile; fileRef = 4C938AF2224E180A008D803A /* blockoutdebug.cpp */; };
		4C938AFA224E1832008D803A /* amacbundle.mm in Sources */ = {isa = PBXBuildFile; fileRef = 4C938AF9224E1832008D803A /* amacbundle.mm */; };
		4C938AFD224E2BE8008D803A /* aplane.cpp in Sources */ = {isa = PBXBuildFile; fileRef = 4C938AFB224E2BE8008D803A /* aplane.cpp */; };
		4CA20CB02253559B000FA833 /* achanger.cpp in Sources */ = {isa = PBXBuildFile; fileRef = 4CA20CAE2253559B000FA833 /* achanger.cpp */; };
		4CA20CB3225357A7000FA833 /* aspritechanger.cpp in Sources */ = {isa = PBXBuildFile; fileRef = 4CA20CB1225357A7000FA833 /* aspritechanger.cpp */; };
/* End PBXBuildFile section */

/* Begin PBXFileReference section */
		4C1B89F0224920FE00418BE5 /* Assets.xcassets */ = {isa = PBXFileReference; lastKnownFileType = folder.assetcatalog; path = Assets.xcassets; sourceTree = "<group>"; };
		4C2E7AAD22453AD00059E112 /* game.app */ = {isa = PBXFileReference; explicitFileType = wrapper.application; includeInIndex = 0; path = game.app; sourceTree = BUILT_PRODUCTS_DIR; };
		4C2E7AB622453AD10059E112 /* Base */ = {isa = PBXFileReference; lastKnownFileType = file.xib; name = Base; path = Base.lproj/MainMenu.xib; sourceTree = "<group>"; };
		4C2E7AB822453AD10059E112 /* Info.plist */ = {isa = PBXFileReference; lastKnownFileType = text.plist.xml; path = Info.plist; sourceTree = "<group>"; };
		4C2E7AB922453AD10059E112 /* main.m */ = {isa = PBXFileReference; lastKnownFileType = sourcecode.c.objc; path = main.m; sourceTree = "<group>"; };
		4C2E7ABB22453AD10059E112 /* game.entitlements */ = {isa = PBXFileReference; lastKnownFileType = text.plist.entitlements; path = game.entitlements; sourceTree = "<group>"; };
		4C2E7AC122453B0C0059E112 /* ARenderView.h */ = {isa = PBXFileReference; fileEncoding = 4; lastKnownFileType = sourcecode.c.h; path = ARenderView.h; sourceTree = "<group>"; };
		4C2E7AC222453B0C0059E112 /* ARenderView.mm */ = {isa = PBXFileReference; fileEncoding = 4; lastKnownFileType = sourcecode.cpp.objcpp; path = ARenderView.mm; sourceTree = "<group>"; };
		4C2E7AC322453B0C0059E112 /* AAppDelegate.mm */ = {isa = PBXFileReference; fileEncoding = 4; lastKnownFileType = sourcecode.cpp.objcpp; path = AAppDelegate.mm; sourceTree = "<group>"; };
		4C2E7AC422453B0C0059E112 /* AAppDelegate.h */ = {isa = PBXFileReference; fileEncoding = 4; lastKnownFileType = sourcecode.c.h; path = AAppDelegate.h; sourceTree = "<group>"; };
		4C45AB40224A88EC004141E7 /* aimagedata.cpp */ = {isa = PBXFileReference; fileEncoding = 4; lastKnownFileType = sourcecode.cpp.cpp; name = aimagedata.cpp; path = ../common/wad/aimagedata.cpp; sourceTree = "<group>"; };
		4C45AB41224A88EC004141E7 /* asprite.cpp */ = {isa = PBXFileReference; fileEncoding = 4; lastKnownFileType = sourcecode.cpp.cpp; name = asprite.cpp; path = ../common/wad/asprite.cpp; sourceTree = "<group>"; };
		4C45AB42224A88ED004141E7 /* enums.h */ = {isa = PBXFileReference; fileEncoding = 4; lastKnownFileType = sourcecode.c.h; name = enums.h; path = ../common/wad/enums.h; sourceTree = "<group>"; };
		4C45AB43224A88ED004141E7 /* acolormap.h */ = {isa = PBXFileReference; fileEncoding = 4; lastKnownFileType = sourcecode.c.h; name = acolormap.h; path = ../common/wad/acolormap.h; sourceTree = "<group>"; };
		4C45AB44224A88ED004141E7 /* atexture.h */ = {isa = PBXFileReference; fileEncoding = 4; lastKnownFileType = sourcecode.c.h; name = atexture.h; path = ../common/wad/atexture.h; sourceTree = "<group>"; };
		4C45AB45224A88ED004141E7 /* apicture.h */ = {isa = PBXFileReference; fileEncoding = 4; lastKnownFileType = sourcecode.c.h; name = apicture.h; path = ../common/wad/apicture.h; sourceTree = "<group>"; };
		4C45AB46224A88ED004141E7 /* acolormap.cpp */ = {isa = PBXFileReference; fileEncoding = 4; lastKnownFileType = sourcecode.cpp.cpp; name = acolormap.cpp; path = ../common/wad/acolormap.cpp; sourceTree = "<group>"; };
		4C45AB47224A88ED004141E7 /* ageometryreadservice.h */ = {isa = PBXFileReference; fileEncoding = 4; lastKnownFileType = sourcecode.c.h; name = ageometryreadservice.h; path = ../common/wad/ageometryreadservice.h; sourceTree = "<group>"; };
		4C45AB48224A88ED004141E7 /* autilities.h */ = {isa = PBXFileReference; fileEncoding = 4; lastKnownFileType = sourcecode.c.h; name = autilities.h; path = ../common/wad/autilities.h; sourceTree = "<group>"; };
		4C45AB49224A88ED004141E7 /* alevelintegrity.h */ = {isa = PBXFileReference; fileEncoding = 4; lastKnownFileType = sourcecode.c.h; name = alevelintegrity.h; path = ../common/wad/alevelintegrity.h; sourceTree = "<group>"; };
		4C45AB4A224A88ED004141E7 /* aflat.h */ = {isa = PBXFileReference; fileEncoding = 4; lastKnownFileType = sourcecode.c.h; name = aflat.h; path = ../common/wad/aflat.h; sourceTree = "<group>"; };
		4C45AB4B224A88ED004141E7 /* apalete.cpp */ = {isa = PBXFileReference; fileEncoding = 4; lastKnownFileType = sourcecode.cpp.cpp; name = apalete.cpp; path = ../common/wad/apalete.cpp; sourceTree = "<group>"; };
		4C45AB4C224A88ED004141E7 /* apicture.cpp */ = {isa = PBXFileReference; fileEncoding = 4; lastKnownFileType = sourcecode.cpp.cpp; name = apicture.cpp; path = ../common/wad/apicture.cpp; sourceTree = "<group>"; };
		4C45AB4D224A88ED004141E7 /* apalete.h */ = {isa = PBXFileReference; fileEncoding = 4; lastKnownFileType = sourcecode.c.h; name = apalete.h; path = ../common/wad/apalete.h; sourceTree = "<group>"; };
		4C45AB4E224A88ED004141E7 /* alevelintegrity.cpp */ = {isa = PBXFileReference; fileEncoding = 4; lastKnownFileType = sourcecode.cpp.cpp; name = alevelintegrity.cpp; path = ../common/wad/alevelintegrity.cpp; sourceTree = "<group>"; };
		4C45AB4F224A88ED004141E7 /* alump.cpp */ = {isa = PBXFileReference; fileEncoding = 4; lastKnownFileType = sourcecode.cpp.cpp; name = alump.cpp; path = ../common/wad/alump.cpp; sourceTree = "<group>"; };
		4C45AB50224A88ED004141E7 /* aimagedata.h */ = {isa = PBXFileReference; fileEncoding = 4; lastKnownFileType = sourcecode.c.h; name = aimagedata.h; path = ../common/wad/aimagedata.h; sourceTree = "<group>"; };
		4C45AB51224A88ED004141E7 /* autilities.cpp */ = {isa = PBXFileReference; fileEncoding = 4; lastKnownFileType = sourcecode.cpp.cpp; name = autilities.cpp; path = ../common/wad/autilities.cpp; sourceTree = "<group>"; };
		4C45AB52224A88ED004141E7 /* aflat.cpp */ = {isa = PBXFileReference; fileEncoding = 4; lastKnownFileType = sourcecode.cpp.cpp; name = aflat.cpp; path = ../common/wad/aflat.cpp; sourceTree = "<group>"; };
		4C45AB53224A88ED004141E7 /* ademo.h */ = {isa = PBXFileReference; fileEncoding = 4; lastKnownFileType = sourcecode.c.h; name = ademo.h; path = ../common/wad/ademo.h; sourceTree = "<group>"; };
		4C45AB54224A88ED004141E7 /* awad.cpp */ = {isa = PBXFileReference; fileEncoding = 4; lastKnownFileType = sourcecode.cpp.cpp; name = awad.cpp; path = ../common/wad/awad.cpp; sourceTree = "<group>"; };
		4C45AB55224A88ED004141E7 /* aendoom.h */ = {isa = PBXFileReference; fileEncoding = 4; lastKnownFileType = sourcecode.c.h; name = aendoom.h; path = ../common/wad/aendoom.h; sourceTree = "<group>"; };
		4C45AB56224A88ED004141E7 /* atgaexporter.h */ = {isa = PBXFileReference; fileEncoding = 4; lastKnownFileType = sourcecode.c.h; name = atgaexporter.h; path = ../common/wad/atgaexporter.h; sourceTree = "<group>"; };
		4C45AB57224A88ED004141E7 /* alevel.h */ = {isa = PBXFileReference; fileEncoding = 4; lastKnownFileType = sourcecode.c.h; name = alevel.h; path = ../common/wad/alevel.h; sourceTree = "<group>"; };
		4C45AB58224A88ED004141E7 /* ademo.cpp */ = {isa = PBXFileReference; fileEncoding = 4; lastKnownFileType = sourcecode.cpp.cpp; name = ademo.cpp; path = ../common/wad/ademo.cpp; sourceTree = "<group>"; };
		4C45AB59224A88ED004141E7 /* athing.cpp */ = {isa = PBXFileReference; fileEncoding = 4; lastKnownFileType = sourcecode.cpp.cpp; name = athing.cpp; path = ../common/wad/athing.cpp; sourceTree = "<group>"; };
		4C45AB5A224A88ED004141E7 /* atexture.cpp */ = {isa = PBXFileReference; fileEncoding = 4; lastKnownFileType = sourcecode.cpp.cpp; name = atexture.cpp; path = ../common/wad/atexture.cpp; sourceTree = "<group>"; };
		4C45AB5B224A88ED004141E7 /* asprite.h */ = {isa = PBXFileReference; fileEncoding = 4; lastKnownFileType = sourcecode.c.h; name = asprite.h; path = ../common/wad/asprite.h; sourceTree = "<group>"; };
		4C45AB5C224A88ED004141E7 /* athing.h */ = {isa = PBXFileReference; fileEncoding = 4; lastKnownFileType = sourcecode.c.h; name = athing.h; path = ../common/wad/athing.h; sourceTree = "<group>"; };
		4C45AB5D224A88ED004141E7 /* atgaexporter.cpp */ = {isa = PBXFileReference; fileEncoding = 4; lastKnownFileType = sourcecode.cpp.cpp; name = atgaexporter.cpp; path = ../common/wad/atgaexporter.cpp; sourceTree = "<group>"; };
		4C45AB5F224A88EE004141E7 /* awad.h */ = {isa = PBXFileReference; fileEncoding = 4; lastKnownFileType = sourcecode.c.h; name = awad.h; path = ../common/wad/awad.h; sourceTree = "<group>"; };
		4C45AB60224A88EE004141E7 /* types.h */ = {isa = PBXFileReference; fileEncoding = 4; lastKnownFileType = sourcecode.c.h; name = types.h; path = ../common/wad/types.h; sourceTree = "<group>"; };
		4C45AB61224A88EE004141E7 /* ageometryreadservice.cpp */ = {isa = PBXFileReference; fileEncoding = 4; lastKnownFileType = sourcecode.cpp.cpp; name = ageometryreadservice.cpp; path = ../common/wad/ageometryreadservice.cpp; sourceTree = "<group>"; };
		4C45AB62224A88EE004141E7 /* alevel.cpp */ = {isa = PBXFileReference; fileEncoding = 4; lastKnownFileType = sourcecode.cpp.cpp; name = alevel.cpp; path = ../common/wad/alevel.cpp; sourceTree = "<group>"; };
		4C45AB63224A88EE004141E7 /* aendoom.cpp */ = {isa = PBXFileReference; fileEncoding = 4; lastKnownFileType = sourcecode.cpp.cpp; name = aendoom.cpp; path = ../common/wad/aendoom.cpp; sourceTree = "<group>"; };
		4C45AB64224A88EE004141E7 /* alump.h */ = {isa = PBXFileReference; fileEncoding = 4; lastKnownFileType = sourcecode.c.h; name = alump.h; path = ../common/wad/alump.h; sourceTree = "<group>"; };
		4C4F800C224F91D8000F842A /* readme */ = {isa = PBXFileReference; lastKnownFileType = text; name = readme; path = ../readme; sourceTree = "<group>"; };
		4C4F800E224F946E000F842A /* aanimationbuilder.cpp */ = {isa = PBXFileReference; lastKnownFileType = sourcecode.cpp.cpp; name = aanimationbuilder.cpp; path = ../common/game/aanimationbuilder.cpp; sourceTree = "<group>"; };
		4C4F800F224F946E000F842A /* aanimationbuilder.h */ = {isa = PBXFileReference; lastKnownFileType = sourcecode.c.h; name = aanimationbuilder.h; path = ../common/game/aanimationbuilder.h; sourceTree = "<group>"; };
		4C4F80112250FFB3000F842A /* aanimation.cpp */ = {isa = PBXFileReference; lastKnownFileType = sourcecode.cpp.cpp; name = aanimation.cpp; path = ../common/game/aanimation.cpp; sourceTree = "<group>"; };
		4C4F80122250FFB3000F842A /* aanimation.h */ = {isa = PBXFileReference; lastKnownFileType = sourcecode.c.h; name = aanimation.h; path = ../common/game/aanimation.h; sourceTree = "<group>"; };
		4C4F801522510992000F842A /* aquaternion.cpp */ = {isa = PBXFileReference; lastKnownFileType = sourcecode.cpp.cpp; name = aquaternion.cpp; path = ../common/game/aquaternion.cpp; sourceTree = "<group>"; };
		4C4F801622510992000F842A /* aquaternion.h */ = {isa = PBXFileReference; lastKnownFileType = sourcecode.c.h; name = aquaternion.h; path = ../common/game/aquaternion.h; sourceTree = "<group>"; };
		4C5CDE0E2257E47B00D7444E /* asize2d.cpp */ = {isa = PBXFileReference; fileEncoding = 4; lastKnownFileType = sourcecode.cpp.cpp; name = asize2d.cpp; path = ../common/game/asize2d.cpp; sourceTree = "<group>"; };
		4C5CDE0F2257E47B00D7444E /* asize2d.h */ = {isa = PBXFileReference; fileEncoding = 4; lastKnownFileType = sourcecode.c.h; name = asize2d.h; path = ../common/game/asize2d.h; sourceTree = "<group>"; };
		4C5CDE112257E5E900D7444E /* aopenglsprite.cpp */ = {isa = PBXFileReference; fileEncoding = 4; lastKnownFileType = sourcecode.cpp.cpp; name = aopenglsprite.cpp; path = ../common/game/aopenglsprite.cpp; sourceTree = "<group>"; };
		4C5CDE122257E5E900D7444E /* aopenglsprite.h */ = {isa = PBXFileReference; fileEncoding = 4; lastKnownFileType = sourcecode.c.h; name = aopenglsprite.h; path = ../common/game/aopenglsprite.h; sourceTree = "<group>"; };
		4C938AA8224E1718008D803A /* celtic.tga */ = {isa = PBXFileReference; lastKnownFileType = file; name = celtic.tga; path = ../resources/celtic.tga; sourceTree = "<group>"; };
		4C938AA9224E1718008D803A /* doom.wad */ = {isa = PBXFileReference; lastKnownFileType = file; name = doom.wad; path = ../resources/doom.wad; sourceTree = "<group>"; };
		4C938AAC224E1768008D803A /* aopengltexture.cpp */ = {isa = PBXFileReference; fileEncoding = 4; lastKnownFileType = sourcecode.cpp.cpp; name = aopengltexture.cpp; path = ../common/game/aopengltexture.cpp; sourceTree = "<group>"; };
		4C938AAD224E1768008D803A /* atga.cpp */ = {isa = PBXFileReference; fileEncoding = 4; lastKnownFileType = sourcecode.cpp.cpp; name = atga.cpp; path = ../common/game/atga.cpp; sourceTree = "<group>"; };
		4C938AAE224E1768008D803A /* aimage.cpp */ = {isa = PBXFileReference; fileEncoding = 4; lastKnownFileType = sourcecode.cpp.cpp; name = aimage.cpp; path = ../common/game/aimage.cpp; sourceTree = "<group>"; };
		4C938AAF224E1768008D803A /* atga.h */ = {isa = PBXFileReference; fileEncoding = 4; lastKnownFileType = sourcecode.c.h; name = atga.h; path = ../common/game/atga.h; sourceTree = "<group>"; };
		4C938AB0224E1768008D803A /* aopengltexture.h */ = {isa = PBXFileReference; fileEncoding = 4; lastKnownFileType = sourcecode.c.h; name = aopengltexture.h; path = ../common/game/aopengltexture.h; sourceTree = "<group>"; };
		4C938AB1224E1768008D803A /* aimage.h */ = {isa = PBXFileReference; fileEncoding = 4; lastKnownFileType = sourcecode.c.h; name = aimage.h; path = ../common/game/aimage.h; sourceTree = "<group>"; };
		4C938AB2224E1768008D803A /* atexturemanager.cpp */ = {isa = PBXFileReference; fileEncoding = 4; lastKnownFileType = sourcecode.cpp.cpp; name = atexturemanager.cpp; path = ../common/game/atexturemanager.cpp; sourceTree = "<group>"; };
		4C938AB3224E1768008D803A /* atexturemanager.h */ = {isa = PBXFileReference; fileEncoding = 4; lastKnownFileType = sourcecode.c.h; name = atexturemanager.h; path = ../common/game/atexturemanager.h; sourceTree = "<group>"; };
		4C938AB8224E178D008D803A /* aoglwrapper.h */ = {isa = PBXFileReference; fileEncoding = 4; lastKnownFileType = sourcecode.c.h; name = aoglwrapper.h; path = ../common/game/aoglwrapper.h; sourceTree = "<group>"; };
		4C938AB9224E178D008D803A /* adrawbasics.h */ = {isa = PBXFileReference; fileEncoding = 4; lastKnownFileType = sourcecode.c.h; name = adrawbasics.h; path = ../common/game/adrawbasics.h; sourceTree = "<group>"; };
		4C938ABA224E178D008D803A /* aopenglstate.cpp */ = {isa = PBXFileReference; fileEncoding = 4; lastKnownFileType = sourcecode.cpp.cpp; name = aopenglstate.cpp; path = ../common/game/aopenglstate.cpp; sourceTree = "<group>"; };
		4C938ABB224E178D008D803A /* aoglwrapper.cpp */ = {isa = PBXFileReference; fileEncoding = 4; lastKnownFileType = sourcecode.cpp.cpp; name = aoglwrapper.cpp; path = ../common/game/aoglwrapper.cpp; sourceTree = "<group>"; };
		4C938ABC224E178D008D803A /* adrawbasics.cpp */ = {isa = PBXFileReference; fileEncoding = 4; lastKnownFileType = sourcecode.cpp.cpp; name = adrawbasics.cpp; path = ../common/game/adrawbasics.cpp; sourceTree = "<group>"; };
		4C938ABD224E178D008D803A /* aopenglstate.h */ = {isa = PBXFileReference; fileEncoding = 4; lastKnownFileType = sourcecode.c.h; name = aopenglstate.h; path = ../common/game/aopenglstate.h; sourceTree = "<group>"; };
		4C938AC1224E17BC008D803A /* abundle.cpp */ = {isa = PBXFileReference; fileEncoding = 4; lastKnownFileType = sourcecode.cpp.cpp; name = abundle.cpp; path = ../common/game/abundle.cpp; sourceTree = "<group>"; };
		4C938AC2224E17BC008D803A /* abundleprotocol.h */ = {isa = PBXFileReference; fileEncoding = 4; lastKnownFileType = sourcecode.c.h; name = abundleprotocol.h; path = ../common/game/abundleprotocol.h; sourceTree = "<group>"; };
		4C938AC3224E17BC008D803A /* agamestepscontroller.h */ = {isa = PBXFileReference; fileEncoding = 4; lastKnownFileType = sourcecode.c.h; name = agamestepscontroller.h; path = ../common/game/agamestepscontroller.h; sourceTree = "<group>"; };
		4C938AC4224E17BC008D803A /* abundle.h */ = {isa = PBXFileReference; fileEncoding = 4; lastKnownFileType = sourcecode.c.h; name = abundle.h; path = ../common/game/abundle.h; sourceTree = "<group>"; };
		4C938AC5224E17BC008D803A /* agamestepprotocol.h */ = {isa = PBXFileReference; fileEncoding = 4; lastKnownFileType = sourcecode.c.h; name = agamestepprotocol.h; path = ../common/game/agamestepprotocol.h; sourceTree = "<group>"; };
		4C938AC6224E17BC008D803A /* agamestepscontroller.cpp */ = {isa = PBXFileReference; fileEncoding = 4; lastKnownFileType = sourcecode.cpp.cpp; name = agamestepscontroller.cpp; path = ../common/game/agamestepscontroller.cpp; sourceTree = "<group>"; };
		4C938AC7224E17BC008D803A /* akeyboardcontroller.h */ = {isa = PBXFileReference; fileEncoding = 4; lastKnownFileType = sourcecode.c.h; name = akeyboardcontroller.h; path = ../common/game/akeyboardcontroller.h; sourceTree = "<group>"; };
		4C938AC8224E17BC008D803A /* keymaps.h */ = {isa = PBXFileReference; fileEncoding = 4; lastKnownFileType = sourcecode.c.h; name = keymaps.h; path = ../common/game/keymaps.h; sourceTree = "<group>"; };
		4C938AC9224E17BC008D803A /* akeyboardcontroller.cpp */ = {isa = PBXFileReference; fileEncoding = 4; lastKnownFileType = sourcecode.cpp.cpp; name = akeyboardcontroller.cpp; path = ../common/game/akeyboardcontroller.cpp; sourceTree = "<group>"; };
		4C938ACD224E17D8008D803A /* apoint.h */ = {isa = PBXFileReference; fileEncoding = 4; lastKnownFileType = sourcecode.c.h; name = apoint.h; path = ../common/game/apoint.h; sourceTree = "<group>"; };
		4C938ACE224E17D8008D803A /* avector.cpp */ = {isa = PBXFileReference; fileEncoding = 4; lastKnownFileType = sourcecode.cpp.cpp; name = avector.cpp; path = ../common/game/avector.cpp; sourceTree = "<group>"; };
		4C938ACF224E17D8008D803A /* apoint2d.h */ = {isa = PBXFileReference; fileEncoding = 4; lastKnownFileType = sourcecode.c.h; name = apoint2d.h; path = ../common/game/apoint2d.h; sourceTree = "<group>"; };
		4C938AD0224E17D8008D803A /* apoint2d.cpp */ = {isa = PBXFileReference; fileEncoding = 4; lastKnownFileType = sourcecode.cpp.cpp; name = apoint2d.cpp; path = ../common/game/apoint2d.cpp; sourceTree = "<group>"; };
		4C938AD1224E17D9008D803A /* acolor.cpp */ = {isa = PBXFileReference; fileEncoding = 4; lastKnownFileType = sourcecode.cpp.cpp; name = acolor.cpp; path = ../common/game/acolor.cpp; sourceTree = "<group>"; };
		4C938AD2224E17D9008D803A /* amatrix.cpp */ = {isa = PBXFileReference; fileEncoding = 4; lastKnownFileType = sourcecode.cpp.cpp; name = amatrix.cpp; path = ../common/game/amatrix.cpp; sourceTree = "<group>"; };
		4C938AD3224E17D9008D803A /* adataliner.cpp */ = {isa = PBXFileReference; fileEncoding = 4; lastKnownFileType = sourcecode.cpp.cpp; name = adataliner.cpp; path = ../common/game/adataliner.cpp; sourceTree = "<group>"; };
		4C938AD4224E17D9008D803A /* amatrix.h */ = {isa = PBXFileReference; fileEncoding = 4; lastKnownFileType = sourcecode.c.h; name = amatrix.h; path = ../common/game/amatrix.h; sourceTree = "<group>"; };
		4C938AD5224E17D9008D803A /* apoint.cpp */ = {isa = PBXFileReference; fileEncoding = 4; lastKnownFileType = sourcecode.cpp.cpp; name = apoint.cpp; path = ../common/game/apoint.cpp; sourceTree = "<group>"; };
		4C938AD6224E17D9008D803A /* avector.h */ = {isa = PBXFileReference; fileEncoding = 4; lastKnownFileType = sourcecode.c.h; name = avector.h; path = ../common/game/avector.h; sourceTree = "<group>"; };
		4C938AD7224E17D9008D803A /* acolor.h */ = {isa = PBXFileReference; fileEncoding = 4; lastKnownFileType = sourcecode.c.h; name = acolor.h; path = ../common/game/acolor.h; sourceTree = "<group>"; };
		4C938AD8224E17D9008D803A /* adataliner.h */ = {isa = PBXFileReference; fileEncoding = 4; lastKnownFileType = sourcecode.c.h; name = adataliner.h; path = ../common/game/adataliner.h; sourceTree = "<group>"; };
		4C938ADF224E17F0008D803A /* anodeobject.h */ = {isa = PBXFileReference; fileEncoding = 4; lastKnownFileType = sourcecode.c.h; name = anodeobject.h; path = ../common/game/anodeobject.h; sourceTree = "<group>"; };
		4C938AE0224E17F0008D803A /* anodeobject.cpp */ = {isa = PBXFileReference; fileEncoding = 4; lastKnownFileType = sourcecode.cpp.cpp; name = anodeobject.cpp; path = ../common/game/anodeobject.cpp; sourceTree = "<group>"; };
		4C938AE1224E17F0008D803A /* arenderservice.h */ = {isa = PBXFileReference; fileEncoding = 4; lastKnownFileType = sourcecode.c.h; name = arenderservice.h; path = ../common/game/arenderservice.h; sourceTree = "<group>"; };
		4C938AE2224E17F0008D803A /* arenderservice.cpp */ = {isa = PBXFileReference; fileEncoding = 4; lastKnownFileType = sourcecode.cpp.cpp; name = arenderservice.cpp; path = ../common/game/arenderservice.cpp; sourceTree = "<group>"; };
		4C938AE3224E17F0008D803A /* amonster.cpp */ = {isa = PBXFileReference; fileEncoding = 4; lastKnownFileType = sourcecode.cpp.cpp; name = amonster.cpp; path = ../common/game/amonster.cpp; sourceTree = "<group>"; };
		4C938AE4224E17F0008D803A /* ascenenode.cpp */ = {isa = PBXFileReference; fileEncoding = 4; lastKnownFileType = sourcecode.cpp.cpp; name = ascenenode.cpp; path = ../common/game/ascenenode.cpp; sourceTree = "<group>"; };
		4C938AE5224E17F0008D803A /* amonster.h */ = {isa = PBXFileReference; fileEncoding = 4; lastKnownFileType = sourcecode.c.h; name = amonster.h; path = ../common/game/amonster.h; sourceTree = "<group>"; };
		4C938AE6224E17F0008D803A /* ascenegraph.h */ = {isa = PBXFileReference; fileEncoding = 4; lastKnownFileType = sourcecode.c.h; name = ascenegraph.h; path = ../common/game/ascenegraph.h; sourceTree = "<group>"; };
		4C938AE7224E17F0008D803A /* ascenegraph.cpp */ = {isa = PBXFileReference; fileEncoding = 4; lastKnownFileType = sourcecode.cpp.cpp; name = ascenegraph.cpp; path = ../common/game/ascenegraph.cpp; sourceTree = "<group>"; };
		4C938AE8224E17F0008D803A /* ascenenode.h */ = {isa = PBXFileReference; fileEncoding = 4; lastKnownFileType = sourcecode.c.h; name = ascenenode.h; path = ../common/game/ascenenode.h; sourceTree = "<group>"; };
		4C938AEE224E180A008D803A /* blockoutdebug.h */ = {isa = PBXFileReference; fileEncoding = 4; lastKnownFileType = sourcecode.c.h; name = blockoutdebug.h; path = ../common/game/blockoutdebug.h; sourceTree = "<group>"; };
		4C938AEF224E180A008D803A /* blockouttypes.h */ = {isa = PBXFileReference; fileEncoding = 4; lastKnownFileType = sourcecode.c.h; name = blockouttypes.h; path = ../common/game/blockouttypes.h; sourceTree = "<group>"; };
		4C938AF0224E180A008D803A /* alogic.cpp */ = {isa = PBXFileReference; fileEncoding = 4; lastKnownFileType = sourcecode.cpp.cpp; name = alogic.cpp; path = ../common/game/alogic.cpp; sourceTree = "<group>"; };
		4C938AF1224E180A008D803A /* agame.cpp */ = {isa = PBXFileReference; fileEncoding = 4; lastKnownFileType = sourcecode.cpp.cpp; name = agame.cpp; path = ../common/game/agame.cpp; sourceTree = "<group>"; };
		4C938AF2224E180A008D803A /* blockoutdebug.cpp */ = {isa = PBXFileReference; fileEncoding = 4; lastKnownFileType = sourcecode.cpp.cpp; name = blockoutdebug.cpp; path = ../common/game/blockoutdebug.cpp; sourceTree = "<group>"; };
		4C938AF3224E180A008D803A /* agame.h */ = {isa = PBXFileReference; fileEncoding = 4; lastKnownFileType = sourcecode.c.h; name = agame.h; path = ../common/game/agame.h; sourceTree = "<group>"; };
		4C938AF4224E180A008D803A /* alogic.h */ = {isa = PBXFileReference; fileEncoding = 4; lastKnownFileType = sourcecode.c.h; name = alogic.h; path = ../common/game/alogic.h; sourceTree = "<group>"; };
		4C938AF8224E1832008D803A /* amacbundle.h */ = {isa = PBXFileReference; fileEncoding = 4; lastKnownFileType = sourcecode.c.h; name = amacbundle.h; path = ../common/game/mac/amacbundle.h; sourceTree = "<group>"; };
		4C938AF9224E1832008D803A /* amacbundle.mm */ = {isa = PBXFileReference; fileEncoding = 4; lastKnownFileType = sourcecode.cpp.objcpp; name = amacbundle.mm; path = ../common/game/mac/amacbundle.mm; sourceTree = "<group>"; };
		4C938AFB224E2BE8008D803A /* aplane.cpp */ = {isa = PBXFileReference; fileEncoding = 4; lastKnownFileType = sourcecode.cpp.cpp; name = aplane.cpp; path = ../common/game/aplane.cpp; sourceTree = "<group>"; };
		4C938AFC224E2BE8008D803A /* aplane.h */ = {isa = PBXFileReference; fileEncoding = 4; lastKnownFileType = sourcecode.c.h; name = aplane.h; path = ../common/game/aplane.h; sourceTree = "<group>"; };
		4CA20CAE2253559B000FA833 /* achanger.cpp */ = {isa = PBXFileReference; lastKnownFileType = sourcecode.cpp.cpp; name = achanger.cpp; path = ../common/game/achanger.cpp; sourceTree = "<group>"; };
		4CA20CAF2253559B000FA833 /* achanger.h */ = {isa = PBXFileReference; lastKnownFileType = sourcecode.c.h; name = achanger.h; path = ../common/game/achanger.h; sourceTree = "<group>"; };
		4CA20CB1225357A7000FA833 /* aspritechanger.cpp */ = {isa = PBXFileReference; lastKnownFileType = sourcecode.cpp.cpp; name = aspritechanger.cpp; path = ../common/game/aspritechanger.cpp; sourceTree = "<group>"; };
		4CA20CB2225357A7000FA833 /* aspritechanger.h */ = {isa = PBXFileReference; lastKnownFileType = sourcecode.c.h; name = aspritechanger.h; path = ../common/game/aspritechanger.h; sourceTree = "<group>"; };
		4CA55EEF224EAA2A006249BF /* aopengl.h */ = {isa = PBXFileReference; lastKnownFileType = sourcecode.c.h; name = aopengl.h; path = ../common/game/aopengl.h; sourceTree = "<group>"; };
/* End PBXFileReference section */

/* Begin PBXFrameworksBuildPhase section */
		4C2E7AAA22453AD00059E112 /* Frameworks */ = {
			isa = PBXFrameworksBuildPhase;
			buildActionMask = 2147483647;
			files = (
			);
			runOnlyForDeploymentPostprocessing = 0;
		};
/* End PBXFrameworksBuildPhase section */

/* Begin PBXGroup section */
		4C1B89E922491C7E00418BE5 /* Render */ = {
			isa = PBXGroup;
			children = (
				4C5CDE122257E5E900D7444E /* aopenglsprite.h */,
				4C5CDE112257E5E900D7444E /* aopenglsprite.cpp */,
				4C938AFC224E2BE8008D803A /* aplane.h */,
				4C938AFB224E2BE8008D803A /* aplane.cpp */,
				4C938AE5224E17F0008D803A /* amonster.h */,
				4C938AE3224E17F0008D803A /* amonster.cpp */,
				4C938ADF224E17F0008D803A /* anodeobject.h */,
				4C938AE0224E17F0008D803A /* anodeobject.cpp */,
				4C938AE1224E17F0008D803A /* arenderservice.h */,
				4C938AE2224E17F0008D803A /* arenderservice.cpp */,
				4C938AE7224E17F0008D803A /* ascenegraph.cpp */,
				4C938AE6224E17F0008D803A /* ascenegraph.h */,
				4C938AE8224E17F0008D803A /* ascenenode.h */,
				4C938AE4224E17F0008D803A /* ascenenode.cpp */,
			);
			name = Render;
			sourceTree = "<group>";
		};
		4C1B89EA22491CE800418BE5 /* Geometry */ = {
			isa = PBXGroup;
			children = (
				4C5CDE0F2257E47B00D7444E /* asize2d.h */,
				4C5CDE0E2257E47B00D7444E /* asize2d.cpp */,
				4C4F801622510992000F842A /* aquaternion.h */,
				4C4F801522510992000F842A /* aquaternion.cpp */,
				4C938AD1224E17D9008D803A /* acolor.cpp */,
				4C938AD7224E17D9008D803A /* acolor.h */,
				4C938AD3224E17D9008D803A /* adataliner.cpp */,
				4C938AD8224E17D9008D803A /* adataliner.h */,
				4C938AD2224E17D9008D803A /* amatrix.cpp */,
				4C938AD4224E17D9008D803A /* amatrix.h */,
				4C938AD5224E17D9008D803A /* apoint.cpp */,
				4C938ACD224E17D8008D803A /* apoint.h */,
				4C938AD0224E17D8008D803A /* apoint2d.cpp */,
				4C938ACF224E17D8008D803A /* apoint2d.h */,
				4C938ACE224E17D8008D803A /* avector.cpp */,
				4C938AD6224E17D9008D803A /* avector.h */,
			);
			name = Geometry;
			sourceTree = "<group>";
		};
		4C1B89EC22491D3100418BE5 /* System */ = {
			isa = PBXGroup;
			children = (
				4C938AC1224E17BC008D803A /* abundle.cpp */,
				4C938AC4224E17BC008D803A /* abundle.h */,
				4C938AC2224E17BC008D803A /* abundleprotocol.h */,
				4C938AC5224E17BC008D803A /* agamestepprotocol.h */,
				4C938AC6224E17BC008D803A /* agamestepscontroller.cpp */,
				4C938AC3224E17BC008D803A /* agamestepscontroller.h */,
				4C938AC9224E17BC008D803A /* akeyboardcontroller.cpp */,
				4C938AC7224E17BC008D803A /* akeyboardcontroller.h */,
				4C938AC8224E17BC008D803A /* keymaps.h */,
			);
			name = System;
			sourceTree = "<group>";
		};
		4C2E7AA422453AD00059E112 = {
			isa = PBXGroup;
			children = (
				4C4F800C224F91D8000F842A /* readme */,
				4C45AB3F224A88C9004141E7 /* WAD */,
				4C2E7AC7224540D20059E112 /* GameEngine */,
				4C2E7AAF22453AD00059E112 /* Game */,
				4C2E7AAE22453AD00059E112 /* Products */,
			);
			sourceTree = "<group>";
		};
		4C2E7AAE22453AD00059E112 /* Products */ = {
			isa = PBXGroup;
			children = (
				4C2E7AAD22453AD00059E112 /* game.app */,
			);
			name = Products;
			sourceTree = "<group>";
		};
		4C2E7AAF22453AD00059E112 /* Game */ = {
			isa = PBXGroup;
			children = (
				4C938AA8224E1718008D803A /* celtic.tga */,
				4C938AA9224E1718008D803A /* doom.wad */,
				4C1B89F0224920FE00418BE5 /* Assets.xcassets */,
				4C2E7AC422453B0C0059E112 /* AAppDelegate.h */,
				4C2E7AC322453B0C0059E112 /* AAppDelegate.mm */,
				4C2E7AC122453B0C0059E112 /* ARenderView.h */,
				4C2E7AC222453B0C0059E112 /* ARenderView.mm */,
				4C2E7AB522453AD10059E112 /* MainMenu.xib */,
				4C2E7AB822453AD10059E112 /* Info.plist */,
				4C2E7AB922453AD10059E112 /* main.m */,
				4C2E7ABB22453AD10059E112 /* game.entitlements */,
			);
			name = Game;
			sourceTree = "<group>";
		};
		4C2E7AC7224540D20059E112 /* GameEngine */ = {
			isa = PBXGroup;
			children = (
				4C938AF1224E180A008D803A /* agame.cpp */,
				4C938AF3224E180A008D803A /* agame.h */,
				4C938AF0224E180A008D803A /* alogic.cpp */,
				4C938AF4224E180A008D803A /* alogic.h */,
				4C938AF2224E180A008D803A /* blockoutdebug.cpp */,
				4C938AEE224E180A008D803A /* blockoutdebug.h */,
				4C938AEF224E180A008D803A /* blockouttypes.h */,
				4CA55EEF224EAA2A006249BF /* aopengl.h */,
				4CD08D502249259A008963CD /* Image */,
				4CD08D4F22492592008963CD /* OpenGL */,
				4C1B89EC22491D3100418BE5 /* System */,
				4C1B89EA22491CE800418BE5 /* Geometry */,
				4CA20CB4225357AF000FA833 /* AnimationChangers */,
				4C4F80142250FFC1000F842A /* Animation */,
				4C1B89E922491C7E00418BE5 /* Render */,
				4C2E7AF7224540D20059E112 /* mac */,
			);
			name = GameEngine;
			sourceTree = "<group>";
		};
		4C2E7AF7224540D20059E112 /* mac */ = {
			isa = PBXGroup;
			children = (
				4C938AF8224E1832008D803A /* amacbundle.h */,
				4C938AF9224E1832008D803A /* amacbundle.mm */,
			);
			name = mac;
			sourceTree = "<group>";
		};
		4C45AB3F224A88C9004141E7 /* WAD */ = {
			isa = PBXGroup;
			children = (
				4C45AB40224A88EC004141E7 /* aimagedata.cpp */,
				4C45AB50224A88ED004141E7 /* aimagedata.h */,
				4C45AB52224A88ED004141E7 /* aflat.cpp */,
				4C45AB4A224A88ED004141E7 /* aflat.h */,
				4C45AB4C224A88ED004141E7 /* apicture.cpp */,
				4C45AB45224A88ED004141E7 /* apicture.h */,
				4C45AB5A224A88ED004141E7 /* atexture.cpp */,
				4C45AB44224A88ED004141E7 /* atexture.h */,
				4C45AB41224A88EC004141E7 /* asprite.cpp */,
				4C45AB5B224A88ED004141E7 /* asprite.h */,
				4C45AB46224A88ED004141E7 /* acolormap.cpp */,
				4C45AB43224A88ED004141E7 /* acolormap.h */,
				4C45AB58224A88ED004141E7 /* ademo.cpp */,
				4C45AB53224A88ED004141E7 /* ademo.h */,
				4C45AB63224A88EE004141E7 /* aendoom.cpp */,
				4C45AB55224A88ED004141E7 /* aendoom.h */,
				4C45AB61224A88EE004141E7 /* ageometryreadservice.cpp */,
				4C45AB47224A88ED004141E7 /* ageometryreadservice.h */,
				4C45AB57224A88ED004141E7 /* alevel.h */,
				4C45AB62224A88EE004141E7 /* alevel.cpp */,
				4C45AB4E224A88ED004141E7 /* alevelintegrity.cpp */,
				4C45AB49224A88ED004141E7 /* alevelintegrity.h */,
				4C45AB4F224A88ED004141E7 /* alump.cpp */,
				4C45AB64224A88EE004141E7 /* alump.h */,
				4C45AB4B224A88ED004141E7 /* apalete.cpp */,
				4C45AB4D224A88ED004141E7 /* apalete.h */,
				4C45AB5D224A88ED004141E7 /* atgaexporter.cpp */,
				4C45AB56224A88ED004141E7 /* atgaexporter.h */,
				4C45AB59224A88ED004141E7 /* athing.cpp */,
				4C45AB5C224A88ED004141E7 /* athing.h */,
				4C45AB51224A88ED004141E7 /* autilities.cpp */,
				4C45AB48224A88ED004141E7 /* autilities.h */,
				4C45AB54224A88ED004141E7 /* awad.cpp */,
				4C45AB5F224A88EE004141E7 /* awad.h */,
				4C45AB42224A88ED004141E7 /* enums.h */,
				4C45AB60224A88EE004141E7 /* types.h */,
			);
			name = WAD;
			sourceTree = "<group>";
		};
		4C4F80142250FFC1000F842A /* Animation */ = {
			isa = PBXGroup;
			children = (
				4C4F80122250FFB3000F842A /* aanimation.h */,
				4C4F80112250FFB3000F842A /* aanimation.cpp */,
				4C4F800F224F946E000F842A /* aanimationbuilder.h */,
				4C4F800E224F946E000F842A /* aanimationbuilder.cpp */,
			);
			name = Animation;
			sourceTree = "<group>";
		};
		4CA20CB4225357AF000FA833 /* AnimationChangers */ = {
			isa = PBXGroup;
			children = (
				4CA20CB2225357A7000FA833 /* aspritechanger.h */,
				4CA20CB1225357A7000FA833 /* aspritechanger.cpp */,
				4CA20CAF2253559B000FA833 /* achanger.h */,
				4CA20CAE2253559B000FA833 /* achanger.cpp */,
			);
			name = AnimationChangers;
			sourceTree = "<group>";
		};
		4CD08D4F22492592008963CD /* OpenGL */ = {
			isa = PBXGroup;
			children = (
				4C938AB9224E178D008D803A /* adrawbasics.h */,
				4C938ABC224E178D008D803A /* adrawbasics.cpp */,
				4C938AB8224E178D008D803A /* aoglwrapper.h */,
				4C938ABB224E178D008D803A /* aoglwrapper.cpp */,
				4C938ABD224E178D008D803A /* aopenglstate.h */,
				4C938ABA224E178D008D803A /* aopenglstate.cpp */,
			);
			name = OpenGL;
			sourceTree = "<group>";
		};
		4CD08D502249259A008963CD /* Image */ = {
			isa = PBXGroup;
			children = (
				4C938AAE224E1768008D803A /* aimage.cpp */,
				4C938AB1224E1768008D803A /* aimage.h */,
				4C938AAC224E1768008D803A /* aopengltexture.cpp */,
				4C938AB0224E1768008D803A /* aopengltexture.h */,
				4C938AB2224E1768008D803A /* atexturemanager.cpp */,
				4C938AB3224E1768008D803A /* atexturemanager.h */,
				4C938AAD224E1768008D803A /* atga.cpp */,
				4C938AAF224E1768008D803A /* atga.h */,
			);
			name = Image;
			sourceTree = "<group>";
		};
/* End PBXGroup section */

/* Begin PBXNativeTarget section */
		4C2E7AAC22453AD00059E112 /* game */ = {
			isa = PBXNativeTarget;
			buildConfigurationList = 4C2E7ABE22453AD10059E112 /* Build configuration list for PBXNativeTarget "game" */;
			buildPhases = (
				4C2E7AA922453AD00059E112 /* Sources */,
				4C2E7AAA22453AD00059E112 /* Frameworks */,
				4C2E7AAB22453AD00059E112 /* Resources */,
			);
			buildRules = (
			);
			dependencies = (
			);
			name = game;
			productName = game;
			productReference = 4C2E7AAD22453AD00059E112 /* game.app */;
			productType = "com.apple.product-type.application";
		};
/* End PBXNativeTarget section */

/* Begin PBXProject section */
		4C2E7AA522453AD00059E112 /* Project object */ = {
			isa = PBXProject;
			attributes = {
				LastUpgradeCheck = 1010;
				ORGANIZATIONNAME = Michael;
				TargetAttributes = {
					4C2E7AAC22453AD00059E112 = {
						CreatedOnToolsVersion = 10.1;
						SystemCapabilities = {
							com.apple.Sandbox = {
								enabled = 0;
							};
						};
					};
				};
			};
			buildConfigurationList = 4C2E7AA822453AD00059E112 /* Build configuration list for PBXProject "game" */;
			compatibilityVersion = "Xcode 9.3";
			developmentRegion = en;
			hasScannedForEncodings = 0;
			knownRegions = (
				en,
				Base,
			);
			mainGroup = 4C2E7AA422453AD00059E112;
			productRefGroup = 4C2E7AAE22453AD00059E112 /* Products */;
			projectDirPath = "";
			projectRoot = "";
			targets = (
				4C2E7AAC22453AD00059E112 /* game */,
			);
		};
/* End PBXProject section */

/* Begin PBXResourcesBuildPhase section */
		4C2E7AAB22453AD00059E112 /* Resources */ = {
			isa = PBXResourcesBuildPhase;
			buildActionMask = 2147483647;
			files = (
				4C4F800D224F91D8000F842A /* readme in Resources */,
				4C938AAA224E1718008D803A /* celtic.tga in Resources */,
				4C938AAB224E1718008D803A /* doom.wad in Resources */,
				4C1B89F1224920FE00418BE5 /* Assets.xcassets in Resources */,
				4C2E7AB722453AD10059E112 /* MainMenu.xib in Resources */,
			);
			runOnlyForDeploymentPostprocessing = 0;
		};
/* End PBXResourcesBuildPhase section */

/* Begin PBXSourcesBuildPhase section */
		4C2E7AA922453AD00059E112 /* Sources */ = {
			isa = PBXSourcesBuildPhase;
			buildActionMask = 2147483647;
			files = (
				4C938ABF224E178D008D803A /* aoglwrapper.cpp in Sources */,
				4C938ACB224E17BC008D803A /* agamestepscontroller.cpp in Sources */,
				4C938AB6224E1768008D803A /* aimage.cpp in Sources */,
				4C45AB71224A88EE004141E7 /* atexture.cpp in Sources */,
				4C938AFD224E2BE8008D803A /* aplane.cpp in Sources */,
				4C938AFA224E1832008D803A /* amacbundle.mm in Sources */,
				4C938AC0224E178D008D803A /* adrawbasics.cpp in Sources */,
				4C938ABE224E178D008D803A /* aopenglstate.cpp in Sources */,
				4C938AD9224E17D9008D803A /* avector.cpp in Sources */,
				4C938AEB224E17F0008D803A /* amonster.cpp in Sources */,
				4C2E7AC522453B0C0059E112 /* ARenderView.mm in Sources */,
				4C2E7ABA22453AD10059E112 /* main.m in Sources */,
				4C45AB76224A88EE004141E7 /* aendoom.cpp in Sources */,
				4C45AB6A224A88EE004141E7 /* alevelintegrity.cpp in Sources */,
				4CA20CB02253559B000FA833 /* achanger.cpp in Sources */,
				4C45AB65224A88EE004141E7 /* aimagedata.cpp in Sources */,
				4C45AB67224A88EE004141E7 /* acolormap.cpp in Sources */,
				4C4F801722510992000F842A /* aquaternion.cpp in Sources */,
				4C938ACA224E17BC008D803A /* abundle.cpp in Sources */,
				4C45AB6D224A88EE004141E7 /* aflat.cpp in Sources */,
				4C938AE9224E17F0008D803A /* anodeobject.cpp in Sources */,
				4C45AB6F224A88EE004141E7 /* ademo.cpp in Sources */,
				4C45AB74224A88EE004141E7 /* ageometryreadservice.cpp in Sources */,
				4C938AF7224E180A008D803A /* blockoutdebug.cpp in Sources */,
				4C938ACC224E17BC008D803A /* akeyboardcontroller.cpp in Sources */,
				4C938AF6224E180A008D803A /* agame.cpp in Sources */,
				4C45AB6C224A88EE004141E7 /* autilities.cpp in Sources */,
				4C938AB5224E1768008D803A /* atga.cpp in Sources */,
				4C45AB6B224A88EE004141E7 /* alump.cpp in Sources */,
				4C4F8010224F946E000F842A /* aanimationbuilder.cpp in Sources */,
				4C5CDE132257E5E900D7444E /* aopenglsprite.cpp in Sources */,
				4C938ADA224E17D9008D803A /* apoint2d.cpp in Sources */,
				4C45AB75224A88EE004141E7 /* alevel.cpp in Sources */,
				4C45AB68224A88EE004141E7 /* apalete.cpp in Sources */,
				4C938AB7224E1768008D803A /* atexturemanager.cpp in Sources */,
				4C4F80132250FFB3000F842A /* aanimation.cpp in Sources */,
				4C938ADE224E17D9008D803A /* apoint.cpp in Sources */,
				4C938AEC224E17F0008D803A /* ascenenode.cpp in Sources */,
				4C938AF5224E180A008D803A /* alogic.cpp in Sources */,
				4C5CDE102257E47B00D7444E /* asize2d.cpp in Sources */,
				4C938AB4224E1768008D803A /* aopengltexture.cpp in Sources */,
				4C45AB6E224A88EE004141E7 /* awad.cpp in Sources */,
				4C938AED224E17F0008D803A /* ascenegraph.cpp in Sources */,
				4C45AB69224A88EE004141E7 /* apicture.cpp in Sources */,
				4CA20CB3225357A7000FA833 /* aspritechanger.cpp in Sources */,
				4C45AB66224A88EE004141E7 /* asprite.cpp in Sources */,
				4C938AEA224E17F0008D803A /* arenderservice.cpp in Sources */,
				4C938ADC224E17D9008D803A /* amatrix.cpp in Sources */,
				4C45AB72224A88EE004141E7 /* atgaexporter.cpp in Sources */,
				4C938ADD224E17D9008D803A /* adataliner.cpp in Sources */,
				4C938ADB224E17D9008D803A /* acolor.cpp in Sources */,
				4C45AB70224A88EE004141E7 /* athing.cpp in Sources */,
				4C2E7AC622453B0C0059E112 /* AAppDelegate.mm in Sources */,
			);
			runOnlyForDeploymentPostprocessing = 0;
		};
/* End PBXSourcesBuildPhase section */

/* Begin PBXVariantGroup section */
		4C2E7AB522453AD10059E112 /* MainMenu.xib */ = {
			isa = PBXVariantGroup;
			children = (
				4C2E7AB622453AD10059E112 /* Base */,
			);
			name = MainMenu.xib;
			sourceTree = "<group>";
		};
/* End PBXVariantGroup section */

/* Begin XCBuildConfiguration section */
		4C2E7ABC22453AD10059E112 /* Debug */ = {
			isa = XCBuildConfiguration;
			buildSettings = {
				ALWAYS_SEARCH_USER_PATHS = NO;
				CLANG_ANALYZER_NONNULL = YES;
				CLANG_ANALYZER_NUMBER_OBJECT_CONVERSION = YES_AGGRESSIVE;
				CLANG_CXX_LANGUAGE_STANDARD = "gnu++14";
				CLANG_CXX_LIBRARY = "libc++";
				CLANG_ENABLE_MODULES = YES;
				CLANG_ENABLE_OBJC_ARC = YES;
				CLANG_ENABLE_OBJC_WEAK = YES;
				CLANG_WARN_BLOCK_CAPTURE_AUTORELEASING = YES;
				CLANG_WARN_BOOL_CONVERSION = YES;
				CLANG_WARN_COMMA = YES;
				CLANG_WARN_CONSTANT_CONVERSION = YES;
				CLANG_WARN_DEPRECATED_OBJC_IMPLEMENTATIONS = YES;
				CLANG_WARN_DIRECT_OBJC_ISA_USAGE = YES_ERROR;
				CLANG_WARN_DOCUMENTATION_COMMENTS = YES;
				CLANG_WARN_EMPTY_BODY = YES;
				CLANG_WARN_ENUM_CONVERSION = YES;
				CLANG_WARN_INFINITE_RECURSION = YES;
				CLANG_WARN_INT_CONVERSION = YES;
				CLANG_WARN_NON_LITERAL_NULL_CONVERSION = YES;
				CLANG_WARN_OBJC_IMPLICIT_RETAIN_SELF = YES;
				CLANG_WARN_OBJC_LITERAL_CONVERSION = YES;
				CLANG_WARN_OBJC_ROOT_CLASS = YES_ERROR;
				CLANG_WARN_RANGE_LOOP_ANALYSIS = YES;
				CLANG_WARN_STRICT_PROTOTYPES = YES;
				CLANG_WARN_SUSPICIOUS_MOVE = YES;
				CLANG_WARN_UNGUARDED_AVAILABILITY = YES_AGGRESSIVE;
				CLANG_WARN_UNREACHABLE_CODE = YES;
				CLANG_WARN__DUPLICATE_METHOD_MATCH = YES;
				CODE_SIGN_IDENTITY = "Mac Developer";
				COPY_PHASE_STRIP = NO;
				DEBUG_INFORMATION_FORMAT = dwarf;
				ENABLE_STRICT_OBJC_MSGSEND = YES;
				ENABLE_TESTABILITY = YES;
				GCC_C_LANGUAGE_STANDARD = gnu11;
				GCC_DYNAMIC_NO_PIC = NO;
				GCC_NO_COMMON_BLOCKS = YES;
				GCC_OPTIMIZATION_LEVEL = 0;
				GCC_PREPROCESSOR_DEFINITIONS = (
					"DEBUG=1",
					"$(inherited)",
				);
				GCC_WARN_64_TO_32_BIT_CONVERSION = YES;
				GCC_WARN_ABOUT_RETURN_TYPE = YES_ERROR;
				GCC_WARN_UNDECLARED_SELECTOR = YES;
				GCC_WARN_UNINITIALIZED_AUTOS = YES_AGGRESSIVE;
				GCC_WARN_UNUSED_FUNCTION = YES;
				GCC_WARN_UNUSED_VARIABLE = YES;
				MACOSX_DEPLOYMENT_TARGET = 10.13;
				MTL_ENABLE_DEBUG_INFO = INCLUDE_SOURCE;
				MTL_FAST_MATH = YES;
				ONLY_ACTIVE_ARCH = YES;
				SDKROOT = macosx;
			};
			name = Debug;
		};
		4C2E7ABD22453AD10059E112 /* Release */ = {
			isa = XCBuildConfiguration;
			buildSettings = {
				ALWAYS_SEARCH_USER_PATHS = NO;
				CLANG_ANALYZER_NONNULL = YES;
				CLANG_ANALYZER_NUMBER_OBJECT_CONVERSION = YES_AGGRESSIVE;
				CLANG_CXX_LANGUAGE_STANDARD = "gnu++14";
				CLANG_CXX_LIBRARY = "libc++";
				CLANG_ENABLE_MODULES = YES;
				CLANG_ENABLE_OBJC_ARC = YES;
				CLANG_ENABLE_OBJC_WEAK = YES;
				CLANG_WARN_BLOCK_CAPTURE_AUTORELEASING = YES;
				CLANG_WARN_BOOL_CONVERSION = YES;
				CLANG_WARN_COMMA = YES;
				CLANG_WARN_CONSTANT_CONVERSION = YES;
				CLANG_WARN_DEPRECATED_OBJC_IMPLEMENTATIONS = YES;
				CLANG_WARN_DIRECT_OBJC_ISA_USAGE = YES_ERROR;
				CLANG_WARN_DOCUMENTATION_COMMENTS = YES;
				CLANG_WARN_EMPTY_BODY = YES;
				CLANG_WARN_ENUM_CONVERSION = YES;
				CLANG_WARN_INFINITE_RECURSION = YES;
				CLANG_WARN_INT_CONVERSION = YES;
				CLANG_WARN_NON_LITERAL_NULL_CONVERSION = YES;
				CLANG_WARN_OBJC_IMPLICIT_RETAIN_SELF = YES;
				CLANG_WARN_OBJC_LITERAL_CONVERSION = YES;
				CLANG_WARN_OBJC_ROOT_CLASS = YES_ERROR;
				CLANG_WARN_RANGE_LOOP_ANALYSIS = YES;
				CLANG_WARN_STRICT_PROTOTYPES = YES;
				CLANG_WARN_SUSPICIOUS_MOVE = YES;
				CLANG_WARN_UNGUARDED_AVAILABILITY = YES_AGGRESSIVE;
				CLANG_WARN_UNREACHABLE_CODE = YES;
				CLANG_WARN__DUPLICATE_METHOD_MATCH = YES;
				CODE_SIGN_IDENTITY = "Mac Developer";
				COPY_PHASE_STRIP = NO;
				DEBUG_INFORMATION_FORMAT = "dwarf-with-dsym";
				ENABLE_NS_ASSERTIONS = NO;
				ENABLE_STRICT_OBJC_MSGSEND = YES;
				GCC_C_LANGUAGE_STANDARD = gnu11;
				GCC_NO_COMMON_BLOCKS = YES;
				GCC_WARN_64_TO_32_BIT_CONVERSION = YES;
				GCC_WARN_ABOUT_RETURN_TYPE = YES_ERROR;
				GCC_WARN_UNDECLARED_SELECTOR = YES;
				GCC_WARN_UNINITIALIZED_AUTOS = YES_AGGRESSIVE;
				GCC_WARN_UNUSED_FUNCTION = YES;
				GCC_WARN_UNUSED_VARIABLE = YES;
				MACOSX_DEPLOYMENT_TARGET = 10.13;
				MTL_ENABLE_DEBUG_INFO = NO;
				MTL_FAST_MATH = YES;
				SDKROOT = macosx;
			};
			name = Release;
		};
		4C2E7ABF22453AD10059E112 /* Debug */ = {
			isa = XCBuildConfiguration;
			buildSettings = {
				ASSETCATALOG_COMPILER_APPICON_NAME = AppIcon;
				CODE_SIGN_STYLE = Automatic;
				COMBINE_HIDPI_IMAGES = YES;
				DEVELOPMENT_TEAM = 67BUZRGVX2;
				INFOPLIST_FILE = "$(SRCROOT)/Info.plist";
				LD_RUNPATH_SEARCH_PATHS = (
					"$(inherited)",
					"@executable_path/../Frameworks",
				);
				PRODUCT_BUNDLE_IDENTIFIER = customertimes.game;
				PRODUCT_NAME = "$(TARGET_NAME)";
			};
			name = Debug;
		};
		4C2E7AC022453AD10059E112 /* Release */ = {
			isa = XCBuildConfiguration;
			buildSettings = {
				ASSETCATALOG_COMPILER_APPICON_NAME = AppIcon;
				CODE_SIGN_STYLE = Automatic;
				COMBINE_HIDPI_IMAGES = YES;
				DEVELOPMENT_TEAM = 67BUZRGVX2;
				INFOPLIST_FILE = "$(SRCROOT)/Info.plist";
				LD_RUNPATH_SEARCH_PATHS = (
					"$(inherited)",
					"@executable_path/../Frameworks",
				);
				PRODUCT_BUNDLE_IDENTIFIER = customertimes.game;
				PRODUCT_NAME = "$(TARGET_NAME)";
			};
			name = Release;
		};
/* End XCBuildConfiguration section */

/* Begin XCConfigurationList section */
		4C2E7AA822453AD00059E112 /* Build configuration list for PBXProject "game" */ = {
			isa = XCConfigurationList;
			buildConfigurations = (
				4C2E7ABC22453AD10059E112 /* Debug */,
				4C2E7ABD22453AD10059E112 /* Release */,
			);
			defaultConfigurationIsVisible = 0;
			defaultConfigurationName = Release;
		};
		4C2E7ABE22453AD10059E112 /* Build configuration list for PBXNativeTarget "game" */ = {
			isa = XCConfigurationList;
			buildConfigurations = (
				4C2E7ABF22453AD10059E112 /* Debug */,
				4C2E7AC022453AD10059E112 /* Release */,
			);
			defaultConfigurationIsVisible = 0;
			defaultConfigurationName = Release;
		};
/* End XCConfigurationList section */
	};
	rootObject = 4C2E7AA522453AD00059E112 /* Project object */;
}
