// !$*UTF8*$!
{
	archiveVersion = 1;
	classes = {
	};
	objectVersion = 56;
	objects = {

/* Begin PBXBuildFile section */
		DE5FD1462B9234C2002207A1 /* doomapplication.cpp in Sources */ = {isa = PBXBuildFile; fileRef = DE5FD1442B9234C2002207A1 /* doomapplication.cpp */; };
		DE69D2072B4B6716002D28E2 /* doom.wad in Resources */ = {isa = PBXBuildFile; fileRef = DE69D2052B4B6716002D28E2 /* doom.wad */; };
		DE69D2082B4B6716002D28E2 /* DOOM2.WAD in Resources */ = {isa = PBXBuildFile; fileRef = DE69D2062B4B6716002D28E2 /* DOOM2.WAD */; };
		DE69D20A2B4B672A002D28E2 /* wad.framework in Frameworks */ = {isa = PBXBuildFile; fileRef = DE69D2092B4B672A002D28E2 /* wad.framework */; };
		DE69D20B2B4B672A002D28E2 /* wad.framework in Embed Frameworks */ = {isa = PBXBuildFile; fileRef = DE69D2092B4B672A002D28E2 /* wad.framework */; settings = {ATTRIBUTES = (CodeSignOnCopy, RemoveHeadersOnCopy, ); }; };
		DE79CE7B2B4A105B0092675F /* AppDelegate.swift in Sources */ = {isa = PBXBuildFile; fileRef = DE79CE7A2B4A105B0092675F /* AppDelegate.swift */; };
		DE79CE7D2B4A105B0092675F /* ViewController.swift in Sources */ = {isa = PBXBuildFile; fileRef = DE79CE7C2B4A105B0092675F /* ViewController.swift */; };
		DE79CE7F2B4A105C0092675F /* Assets.xcassets in Resources */ = {isa = PBXBuildFile; fileRef = DE79CE7E2B4A105C0092675F /* Assets.xcassets */; };
		DE8E319A2CC50C870026F9ED /* shader.frag in Resources */ = {isa = PBXBuildFile; fileRef = DE8E31912CC50C870026F9ED /* shader.frag */; };
		DE8E319B2CC50C870026F9ED /* shader.vert in Resources */ = {isa = PBXBuildFile; fileRef = DE8E31922CC50C870026F9ED /* shader.vert */; };
		DE8E319C2CC50C870026F9ED /* FLOOR5_2.tga in Resources */ = {isa = PBXBuildFile; fileRef = DE8E31952CC50C870026F9ED /* FLOOR5_2.tga */; };
		DE8E319D2CC50C870026F9ED /* BIGDOOR2.tga in Resources */ = {isa = PBXBuildFile; fileRef = DE8E31962CC50C870026F9ED /* BIGDOOR2.tga */; };
		DE8E319E2CC50C870026F9ED /* frag.spv in Resources */ = {isa = PBXBuildFile; fileRef = DE8E31982CC50C870026F9ED /* frag.spv */; };
		DE8E319F2CC50C870026F9ED /* vert.spv in Resources */ = {isa = PBXBuildFile; fileRef = DE8E31992CC50C870026F9ED /* vert.spv */; };
		DEB9BC1A2B4B418800A138D5 /* DoomApplicationProxy.mm in Sources */ = {isa = PBXBuildFile; fileRef = DEB9BC172B4B418800A138D5 /* DoomApplicationProxy.mm */; };
		DEB9BC1B2B4B418800A138D5 /* Application.swift in Sources */ = {isa = PBXBuildFile; fileRef = DEB9BC182B4B418800A138D5 /* Application.swift */; };
		DEB9BC1E2B4B424800A138D5 /* vulkan.framework in Frameworks */ = {isa = PBXBuildFile; fileRef = DEB9BC1D2B4B424800A138D5 /* vulkan.framework */; };
		DEB9BC1F2B4B424800A138D5 /* vulkan.framework in Embed Frameworks */ = {isa = PBXBuildFile; fileRef = DEB9BC1D2B4B424800A138D5 /* vulkan.framework */; settings = {ATTRIBUTES = (RemoveHeadersOnCopy, ); }; };
		DEB9BC222B4B42A700A138D5 /* ganesha.framework in Frameworks */ = {isa = PBXBuildFile; fileRef = DEB9BC212B4B42A700A138D5 /* ganesha.framework */; };
		DEB9BC232B4B42A700A138D5 /* ganesha.framework in Embed Frameworks */ = {isa = PBXBuildFile; fileRef = DEB9BC212B4B42A700A138D5 /* ganesha.framework */; settings = {ATTRIBUTES = (CodeSignOnCopy, RemoveHeadersOnCopy, ); }; };
/* End PBXBuildFile section */

/* Begin PBXCopyFilesBuildPhase section */
		DEB9BC202B4B424800A138D5 /* Embed Frameworks */ = {
			isa = PBXCopyFilesBuildPhase;
			buildActionMask = 2147483647;
			dstPath = "";
			dstSubfolderSpec = 10;
			files = (
				DE69D20B2B4B672A002D28E2 /* wad.framework in Embed Frameworks */,
				DEB9BC232B4B42A700A138D5 /* ganesha.framework in Embed Frameworks */,
				DEB9BC1F2B4B424800A138D5 /* vulkan.framework in Embed Frameworks */,
			);
			name = "Embed Frameworks";
			runOnlyForDeploymentPostprocessing = 0;
		};
/* End PBXCopyFilesBuildPhase section */

/* Begin PBXFileReference section */
		DE5FD1442B9234C2002207A1 /* doomapplication.cpp */ = {isa = PBXFileReference; fileEncoding = 4; lastKnownFileType = sourcecode.cpp.cpp; path = doomapplication.cpp; sourceTree = "<group>"; };
		DE5FD1452B9234C2002207A1 /* doomapplication.h */ = {isa = PBXFileReference; fileEncoding = 4; lastKnownFileType = sourcecode.c.h; path = doomapplication.h; sourceTree = "<group>"; };
		DE69D2052B4B6716002D28E2 /* doom.wad */ = {isa = PBXFileReference; lastKnownFileType = file; name = doom.wad; path = resources/doom.wad; sourceTree = "<group>"; };
		DE69D2062B4B6716002D28E2 /* DOOM2.WAD */ = {isa = PBXFileReference; lastKnownFileType = file; name = DOOM2.WAD; path = resources/DOOM2.WAD; sourceTree = "<group>"; };
		DE69D2092B4B672A002D28E2 /* wad.framework */ = {isa = PBXFileReference; explicitFileType = wrapper.framework; path = wad.framework; sourceTree = BUILT_PRODUCTS_DIR; };
		DE79CE772B4A105B0092675F /* doom.app */ = {isa = PBXFileReference; explicitFileType = wrapper.application; includeInIndex = 0; path = doom.app; sourceTree = BUILT_PRODUCTS_DIR; };
		DE79CE7A2B4A105B0092675F /* AppDelegate.swift */ = {isa = PBXFileReference; lastKnownFileType = sourcecode.swift; path = AppDelegate.swift; sourceTree = "<group>"; };
		DE79CE7C2B4A105B0092675F /* ViewController.swift */ = {isa = PBXFileReference; lastKnownFileType = sourcecode.swift; path = ViewController.swift; sourceTree = "<group>"; };
		DE79CE7E2B4A105C0092675F /* Assets.xcassets */ = {isa = PBXFileReference; lastKnownFileType = folder.assetcatalog; path = Assets.xcassets; sourceTree = "<group>"; };
		DE79CE832B4A105C0092675F /* doom.entitlements */ = {isa = PBXFileReference; lastKnownFileType = text.plist.entitlements; path = doom.entitlements; sourceTree = "<group>"; };
		DE8E31912CC50C870026F9ED /* shader.frag */ = {isa = PBXFileReference; fileEncoding = 4; lastKnownFileType = sourcecode.glsl; name = shader.frag; path = resources/shader.frag; sourceTree = "<group>"; };
		DE8E31922CC50C870026F9ED /* shader.vert */ = {isa = PBXFileReference; fileEncoding = 4; lastKnownFileType = sourcecode.glsl; name = shader.vert; path = resources/shader.vert; sourceTree = "<group>"; };
		DE8E31952CC50C870026F9ED /* FLOOR5_2.tga */ = {isa = PBXFileReference; lastKnownFileType = file; path = FLOOR5_2.tga; sourceTree = "<group>"; };
		DE8E31962CC50C870026F9ED /* BIGDOOR2.tga */ = {isa = PBXFileReference; lastKnownFileType = file; path = BIGDOOR2.tga; sourceTree = "<group>"; };
		DE8E31982CC50C870026F9ED /* frag.spv */ = {isa = PBXFileReference; lastKnownFileType = file; path = frag.spv; sourceTree = "<group>"; };
		DE8E31992CC50C870026F9ED /* vert.spv */ = {isa = PBXFileReference; lastKnownFileType = file; path = vert.spv; sourceTree = "<group>"; };
		DEB9BC152B4B418700A138D5 /* doom-Bridging-Header.h */ = {isa = PBXFileReference; lastKnownFileType = sourcecode.c.h; path = "doom-Bridging-Header.h"; sourceTree = "<group>"; };
		DEB9BC172B4B418800A138D5 /* DoomApplicationProxy.mm */ = {isa = PBXFileReference; fileEncoding = 4; lastKnownFileType = sourcecode.cpp.objcpp; path = DoomApplicationProxy.mm; sourceTree = "<group>"; };
		DEB9BC182B4B418800A138D5 /* Application.swift */ = {isa = PBXFileReference; fileEncoding = 4; lastKnownFileType = sourcecode.swift; path = Application.swift; sourceTree = "<group>"; };
		DEB9BC192B4B418800A138D5 /* DoomApplicationProxy.h */ = {isa = PBXFileReference; fileEncoding = 4; lastKnownFileType = sourcecode.c.h; path = DoomApplicationProxy.h; sourceTree = "<group>"; };
		DEB9BC1D2B4B424800A138D5 /* vulkan.framework */ = {isa = PBXFileReference; lastKnownFileType = wrapper.framework; name = vulkan.framework; path = "../vulkansdk-macos-1.3.268.1/macOS/Frameworks/vulkan.framework"; sourceTree = "<group>"; };
		DEB9BC212B4B42A700A138D5 /* ganesha.framework */ = {isa = PBXFileReference; explicitFileType = wrapper.framework; path = ganesha.framework; sourceTree = BUILT_PRODUCTS_DIR; };
/* End PBXFileReference section */

/* Begin PBXFrameworksBuildPhase section */
		DE79CE742B4A105B0092675F /* Frameworks */ = {
			isa = PBXFrameworksBuildPhase;
			buildActionMask = 2147483647;
			files = (
				DE69D20A2B4B672A002D28E2 /* wad.framework in Frameworks */,
				DEB9BC222B4B42A700A138D5 /* ganesha.framework in Frameworks */,
				DEB9BC1E2B4B424800A138D5 /* vulkan.framework in Frameworks */,
			);
			runOnlyForDeploymentPostprocessing = 0;
		};
/* End PBXFrameworksBuildPhase section */

/* Begin PBXGroup section */
		DE79CE6E2B4A105B0092675F = {
			isa = PBXGroup;
			children = (
				DE69D2052B4B6716002D28E2 /* doom.wad */,
				DE69D2062B4B6716002D28E2 /* DOOM2.WAD */,
				DE8E31912CC50C870026F9ED /* shader.frag */,
				DE8E31922CC50C870026F9ED /* shader.vert */,
				DE8E31932CC50C870026F9ED /* test_scene.gundle */,
				DE79CE792B4A105B0092675F /* doom */,
				DE79CE782B4A105B0092675F /* Products */,
				DEB9BC1C2B4B424800A138D5 /* Frameworks */,
			);
			sourceTree = "<group>";
		};
		DE79CE782B4A105B0092675F /* Products */ = {
			isa = PBXGroup;
			children = (
				DE79CE772B4A105B0092675F /* doom.app */,
			);
			name = Products;
			sourceTree = "<group>";
		};
		DE79CE792B4A105B0092675F /* doom */ = {
			isa = PBXGroup;
			children = (
				DE5FD1452B9234C2002207A1 /* doomapplication.h */,
				DE5FD1442B9234C2002207A1 /* doomapplication.cpp */,
				DEB9BC192B4B418800A138D5 /* DoomApplicationProxy.h */,
				DEB9BC172B4B418800A138D5 /* DoomApplicationProxy.mm */,
				DEB9BC182B4B418800A138D5 /* Application.swift */,
				DE79CE7A2B4A105B0092675F /* AppDelegate.swift */,
				DE79CE7C2B4A105B0092675F /* ViewController.swift */,
				DE79CE7E2B4A105C0092675F /* Assets.xcassets */,
				DE79CE832B4A105C0092675F /* doom.entitlements */,
				DEB9BC152B4B418700A138D5 /* doom-Bridging-Header.h */,
			);
			path = doom;
			sourceTree = "<group>";
		};
		DE8E31932CC50C870026F9ED /* test_scene.gundle */ = {
			isa = PBXGroup;
			children = (
				DE8E31942CC50C870026F9ED /* textures */,
				DE8E31972CC50C870026F9ED /* shaders */,
			);
			name = test_scene.gundle;
			path = resources/test_scene.gundle;
			sourceTree = "<group>";
		};
		DE8E31942CC50C870026F9ED /* textures */ = {
			isa = PBXGroup;
			children = (
				DE8E31952CC50C870026F9ED /* FLOOR5_2.tga */,
				DE8E31962CC50C870026F9ED /* BIGDOOR2.tga */,
			);
			path = textures;
			sourceTree = "<group>";
		};
		DE8E31972CC50C870026F9ED /* shaders */ = {
			isa = PBXGroup;
			children = (
				DE8E31982CC50C870026F9ED /* frag.spv */,
				DE8E31992CC50C870026F9ED /* vert.spv */,
			);
			path = shaders;
			sourceTree = "<group>";
		};
		DEB9BC1C2B4B424800A138D5 /* Frameworks */ = {
			isa = PBXGroup;
			children = (
				DE69D2092B4B672A002D28E2 /* wad.framework */,
				DEB9BC212B4B42A700A138D5 /* ganesha.framework */,
				DEB9BC1D2B4B424800A138D5 /* vulkan.framework */,
			);
			name = Frameworks;
			sourceTree = "<group>";
		};
/* End PBXGroup section */

/* Begin PBXNativeTarget section */
		DE79CE762B4A105B0092675F /* doom */ = {
			isa = PBXNativeTarget;
			buildConfigurationList = DE79CE862B4A105C0092675F /* Build configuration list for PBXNativeTarget "doom" */;
			buildPhases = (
				DE79CE732B4A105B0092675F /* Sources */,
				DE79CE742B4A105B0092675F /* Frameworks */,
				DE79CE752B4A105B0092675F /* Resources */,
				DEB9BC202B4B424800A138D5 /* Embed Frameworks */,
			);
			buildRules = (
			);
			dependencies = (
			);
			name = doom;
			productName = doom;
			productReference = DE79CE772B4A105B0092675F /* doom.app */;
			productType = "com.apple.product-type.application";
		};
/* End PBXNativeTarget section */

/* Begin PBXProject section */
		DE79CE6F2B4A105B0092675F /* Project object */ = {
			isa = PBXProject;
			attributes = {
				BuildIndependentTargetsInParallel = 1;
				LastSwiftUpdateCheck = 1510;
				LastUpgradeCheck = 1510;
				TargetAttributes = {
					DE79CE762B4A105B0092675F = {
						CreatedOnToolsVersion = 15.1;
						LastSwiftMigration = 1510;
					};
				};
			};
			buildConfigurationList = DE79CE722B4A105B0092675F /* Build configuration list for PBXProject "doom" */;
			compatibilityVersion = "Xcode 14.0";
			developmentRegion = en;
			hasScannedForEncodings = 0;
			knownRegions = (
				en,
				Base,
			);
			mainGroup = DE79CE6E2B4A105B0092675F;
			productRefGroup = DE79CE782B4A105B0092675F /* Products */;
			projectDirPath = "";
			projectRoot = "";
			targets = (
				DE79CE762B4A105B0092675F /* doom */,
			);
		};
/* End PBXProject section */

/* Begin PBXResourcesBuildPhase section */
		DE79CE752B4A105B0092675F /* Resources */ = {
			isa = PBXResourcesBuildPhase;
			buildActionMask = 2147483647;
			files = (
				DE8E319A2CC50C870026F9ED /* shader.frag in Resources */,
				DE69D2082B4B6716002D28E2 /* DOOM2.WAD in Resources */,
				DE8E319C2CC50C870026F9ED /* FLOOR5_2.tga in Resources */,
				DE8E319D2CC50C870026F9ED /* BIGDOOR2.tga in Resources */,
				DE79CE7F2B4A105C0092675F /* Assets.xcassets in Resources */,
				DE69D2072B4B6716002D28E2 /* doom.wad in Resources */,
				DE8E319B2CC50C870026F9ED /* shader.vert in Resources */,
				DE8E319F2CC50C870026F9ED /* vert.spv in Resources */,
				DE8E319E2CC50C870026F9ED /* frag.spv in Resources */,
			);
			runOnlyForDeploymentPostprocessing = 0;
		};
/* End PBXResourcesBuildPhase section */

/* Begin PBXSourcesBuildPhase section */
		DE79CE732B4A105B0092675F /* Sources */ = {
			isa = PBXSourcesBuildPhase;
			buildActionMask = 2147483647;
			files = (
				DE5FD1462B9234C2002207A1 /* doomapplication.cpp in Sources */,
				DEB9BC1B2B4B418800A138D5 /* Application.swift in Sources */,
				DE79CE7D2B4A105B0092675F /* ViewController.swift in Sources */,
				DE79CE7B2B4A105B0092675F /* AppDelegate.swift in Sources */,
				DEB9BC1A2B4B418800A138D5 /* DoomApplicationProxy.mm in Sources */,
			);
			runOnlyForDeploymentPostprocessing = 0;
		};
/* End PBXSourcesBuildPhase section */

/* Begin XCBuildConfiguration section */
		DE79CE842B4A105C0092675F /* Debug */ = {
			isa = XCBuildConfiguration;
			buildSettings = {
				ALWAYS_SEARCH_USER_PATHS = NO;
				ASSETCATALOG_COMPILER_GENERATE_SWIFT_ASSET_SYMBOL_EXTENSIONS = YES;
				CLANG_ANALYZER_NONNULL = YES;
				CLANG_ANALYZER_NUMBER_OBJECT_CONVERSION = YES_AGGRESSIVE;
				CLANG_CXX_LANGUAGE_STANDARD = "gnu++20";
				CLANG_ENABLE_MODULES = YES;
				CLANG_ENABLE_OBJC_ARC = YES;
				CLANG_ENABLE_OBJC_WEAK = YES;
				CLANG_WARN_BLOCK_CAPTURE_AUTORELEASING = YES;
				CLANG_WARN_BOOL_CONVERSION = YES;
				CLANG_WARN_COMMA = YES;
				CLANG_WARN_CONSTANT_CONVERSION = YES;
				CLANG_WARN_DEPRECATED_OBJC_IMPLEMENTATIONS = YES;
				CLANG_WARN_DIRECT_OBJC_ISA_USAGE = YES_ERROR;
				CLANG_WARN_DOCUMENTATION_COMMENTS = YES;
				CLANG_WARN_EMPTY_BODY = YES;
				CLANG_WARN_ENUM_CONVERSION = YES;
				CLANG_WARN_INFINITE_RECURSION = YES;
				CLANG_WARN_INT_CONVERSION = YES;
				CLANG_WARN_NON_LITERAL_NULL_CONVERSION = YES;
				CLANG_WARN_OBJC_IMPLICIT_RETAIN_SELF = YES;
				CLANG_WARN_OBJC_LITERAL_CONVERSION = YES;
				CLANG_WARN_OBJC_ROOT_CLASS = YES_ERROR;
				CLANG_WARN_QUOTED_INCLUDE_IN_FRAMEWORK_HEADER = YES;
				CLANG_WARN_RANGE_LOOP_ANALYSIS = YES;
				CLANG_WARN_STRICT_PROTOTYPES = YES;
				CLANG_WARN_SUSPICIOUS_MOVE = YES;
				CLANG_WARN_UNGUARDED_AVAILABILITY = YES_AGGRESSIVE;
				CLANG_WARN_UNREACHABLE_CODE = YES;
				CLANG_WARN__DUPLICATE_METHOD_MATCH = YES;
				COPY_PHASE_STRIP = NO;
				DEBUG_INFORMATION_FORMAT = dwarf;
				ENABLE_STRICT_OBJC_MSGSEND = YES;
				ENABLE_TESTABILITY = YES;
				ENABLE_USER_SCRIPT_SANDBOXING = YES;
				GCC_C_LANGUAGE_STANDARD = gnu17;
				GCC_DYNAMIC_NO_PIC = NO;
				GCC_NO_COMMON_BLOCKS = YES;
				GCC_OPTIMIZATION_LEVEL = 0;
				GCC_PREPROCESSOR_DEFINITIONS = (
					"DEBUG=1",
					"$(inherited)",
				);
				GCC_WARN_64_TO_32_BIT_CONVERSION = YES;
				GCC_WARN_ABOUT_RETURN_TYPE = YES_ERROR;
				GCC_WARN_UNDECLARED_SELECTOR = YES;
				GCC_WARN_UNINITIALIZED_AUTOS = YES_AGGRESSIVE;
				GCC_WARN_UNUSED_FUNCTION = YES;
				GCC_WARN_UNUSED_VARIABLE = YES;
				LOCALIZATION_PREFERS_STRING_CATALOGS = YES;
				MACOSX_DEPLOYMENT_TARGET = 14.2;
				MTL_ENABLE_DEBUG_INFO = INCLUDE_SOURCE;
				MTL_FAST_MATH = YES;
				ONLY_ACTIVE_ARCH = YES;
				SDKROOT = macosx;
				SWIFT_ACTIVE_COMPILATION_CONDITIONS = "DEBUG $(inherited)";
				SWIFT_OPTIMIZATION_LEVEL = "-Onone";
			};
			name = Debug;
		};
		DE79CE852B4A105C0092675F /* Release */ = {
			isa = XCBuildConfiguration;
			buildSettings = {
				ALWAYS_SEARCH_USER_PATHS = NO;
				ASSETCATALOG_COMPILER_GENERATE_SWIFT_ASSET_SYMBOL_EXTENSIONS = YES;
				CLANG_ANALYZER_NONNULL = YES;
				CLANG_ANALYZER_NUMBER_OBJECT_CONVERSION = YES_AGGRESSIVE;
				CLANG_CXX_LANGUAGE_STANDARD = "gnu++20";
				CLANG_ENABLE_MODULES = YES;
				CLANG_ENABLE_OBJC_ARC = YES;
				CLANG_ENABLE_OBJC_WEAK = YES;
				CLANG_WARN_BLOCK_CAPTURE_AUTORELEASING = YES;
				CLANG_WARN_BOOL_CONVERSION = YES;
				CLANG_WARN_COMMA = YES;
				CLANG_WARN_CONSTANT_CONVERSION = YES;
				CLANG_WARN_DEPRECATED_OBJC_IMPLEMENTATIONS = YES;
				CLANG_WARN_DIRECT_OBJC_ISA_USAGE = YES_ERROR;
				CLANG_WARN_DOCUMENTATION_COMMENTS = YES;
				CLANG_WARN_EMPTY_BODY = YES;
				CLANG_WARN_ENUM_CONVERSION = YES;
				CLANG_WARN_INFINITE_RECURSION = YES;
				CLANG_WARN_INT_CONVERSION = YES;
				CLANG_WARN_NON_LITERAL_NULL_CONVERSION = YES;
				CLANG_WARN_OBJC_IMPLICIT_RETAIN_SELF = YES;
				CLANG_WARN_OBJC_LITERAL_CONVERSION = YES;
				CLANG_WARN_OBJC_ROOT_CLASS = YES_ERROR;
				CLANG_WARN_QUOTED_INCLUDE_IN_FRAMEWORK_HEADER = YES;
				CLANG_WARN_RANGE_LOOP_ANALYSIS = YES;
				CLANG_WARN_STRICT_PROTOTYPES = YES;
				CLANG_WARN_SUSPICIOUS_MOVE = YES;
				CLANG_WARN_UNGUARDED_AVAILABILITY = YES_AGGRESSIVE;
				CLANG_WARN_UNREACHABLE_CODE = YES;
				CLANG_WARN__DUPLICATE_METHOD_MATCH = YES;
				COPY_PHASE_STRIP = NO;
				DEBUG_INFORMATION_FORMAT = "dwarf-with-dsym";
				ENABLE_NS_ASSERTIONS = NO;
				ENABLE_STRICT_OBJC_MSGSEND = YES;
				ENABLE_USER_SCRIPT_SANDBOXING = YES;
				GCC_C_LANGUAGE_STANDARD = gnu17;
				GCC_NO_COMMON_BLOCKS = YES;
				GCC_WARN_64_TO_32_BIT_CONVERSION = YES;
				GCC_WARN_ABOUT_RETURN_TYPE = YES_ERROR;
				GCC_WARN_UNDECLARED_SELECTOR = YES;
				GCC_WARN_UNINITIALIZED_AUTOS = YES_AGGRESSIVE;
				GCC_WARN_UNUSED_FUNCTION = YES;
				GCC_WARN_UNUSED_VARIABLE = YES;
				LOCALIZATION_PREFERS_STRING_CATALOGS = YES;
				MACOSX_DEPLOYMENT_TARGET = 14.2;
				MTL_ENABLE_DEBUG_INFO = NO;
				MTL_FAST_MATH = YES;
				SDKROOT = macosx;
				SWIFT_COMPILATION_MODE = wholemodule;
			};
			name = Release;
		};
		DE79CE872B4A105C0092675F /* Debug */ = {
			isa = XCBuildConfiguration;
			buildSettings = {
				ASSETCATALOG_COMPILER_APPICON_NAME = AppIcon;
				ASSETCATALOG_COMPILER_GLOBAL_ACCENT_COLOR_NAME = AccentColor;
				CLANG_ENABLE_MODULES = YES;
				CODE_SIGN_ENTITLEMENTS = doom/doom.entitlements;
				CODE_SIGN_STYLE = Automatic;
				COMBINE_HIDPI_IMAGES = YES;
				CURRENT_PROJECT_VERSION = 1;
				DEVELOPMENT_TEAM = UAVM255T7W;
				ENABLE_HARDENED_RUNTIME = YES;
				FRAMEWORK_SEARCH_PATHS = "$(PROJECT_DIR)/../vulkansdk-macos-1.3.268.1/macOS/Frameworks";
				GENERATE_INFOPLIST_FILE = YES;
				HEADER_SEARCH_PATHS = /usr/local/include;
				INFOPLIST_KEY_NSHumanReadableCopyright = "";
				INFOPLIST_KEY_NSPrincipalClass = "$(PRODUCT_NAME).Application";
				LD_RUNPATH_SEARCH_PATHS = (
					"$(inherited)",
					"@executable_path/../Frameworks",
				);
				LIBRARY_SEARCH_PATHS = /usr/local/lib;
				MARKETING_VERSION = 1.0;
				PRODUCT_BUNDLE_IDENTIFIER = com.icgsmartcosmetics.doom;
				PRODUCT_NAME = "$(TARGET_NAME)";
				SWIFT_EMIT_LOC_STRINGS = YES;
				SWIFT_OBJC_BRIDGING_HEADER = "doom/doom-Bridging-Header.h";
				SWIFT_OPTIMIZATION_LEVEL = "-Onone";
				SWIFT_VERSION = 5.0;
			};
			name = Debug;
		};
		DE79CE882B4A105C0092675F /* Release */ = {
			isa = XCBuildConfiguration;
			buildSettings = {
				ASSETCATALOG_COMPILER_APPICON_NAME = AppIcon;
				ASSETCATALOG_COMPILER_GLOBAL_ACCENT_COLOR_NAME = AccentColor;
				CLANG_ENABLE_MODULES = YES;
				CODE_SIGN_ENTITLEMENTS = doom/doom.entitlements;
				CODE_SIGN_STYLE = Automatic;
				COMBINE_HIDPI_IMAGES = YES;
				CURRENT_PROJECT_VERSION = 1;
				DEVELOPMENT_TEAM = UAVM255T7W;
				ENABLE_HARDENED_RUNTIME = YES;
				FRAMEWORK_SEARCH_PATHS = "$(PROJECT_DIR)/../vulkansdk-macos-1.3.268.1/macOS/Frameworks";
				GENERATE_INFOPLIST_FILE = YES;
				HEADER_SEARCH_PATHS = /usr/local/include;
				INFOPLIST_KEY_NSHumanReadableCopyright = "";
				INFOPLIST_KEY_NSPrincipalClass = "$(PRODUCT_NAME).Application";
				LD_RUNPATH_SEARCH_PATHS = (
					"$(inherited)",
					"@executable_path/../Frameworks",
				);
				LIBRARY_SEARCH_PATHS = /usr/local/lib;
				MARKETING_VERSION = 1.0;
				PRODUCT_BUNDLE_IDENTIFIER = com.icgsmartcosmetics.doom;
				PRODUCT_NAME = "$(TARGET_NAME)";
				SWIFT_EMIT_LOC_STRINGS = YES;
				SWIFT_OBJC_BRIDGING_HEADER = "doom/doom-Bridging-Header.h";
				SWIFT_VERSION = 5.0;
			};
			name = Release;
		};
/* End XCBuildConfiguration section */

/* Begin XCConfigurationList section */
		DE79CE722B4A105B0092675F /* Build configuration list for PBXProject "doom" */ = {
			isa = XCConfigurationList;
			buildConfigurations = (
				DE79CE842B4A105C0092675F /* Debug */,
				DE79CE852B4A105C0092675F /* Release */,
			);
			defaultConfigurationIsVisible = 0;
			defaultConfigurationName = Release;
		};
		DE79CE862B4A105C0092675F /* Build configuration list for PBXNativeTarget "doom" */ = {
			isa = XCConfigurationList;
			buildConfigurations = (
				DE79CE872B4A105C0092675F /* Debug */,
				DE79CE882B4A105C0092675F /* Release */,
			);
			defaultConfigurationIsVisible = 0;
			defaultConfigurationName = Release;
		};
/* End XCConfigurationList section */
	};
	rootObject = DE79CE6F2B4A105B0092675F /* Project object */;
}
